// !$*UTF8*$!
{
	archiveVersion = 1;
	classes = {
	};
	objectVersion = 46;
	objects = {

/* Begin PBXBuildFile section */
		3DA8D7D71C1ADCEF0075ADA5 /* UpgradeManager.swift in Sources */ = {isa = PBXBuildFile; fileRef = 3DA8D7D61C1ADCEF0075ADA5 /* UpgradeManager.swift */; };
		400CA4A01B57BC83005665D6 /* TutorialBubbleCollectionViewCell.swift in Sources */ = {isa = PBXBuildFile; fileRef = 400CA49E1B57BC83005665D6 /* TutorialBubbleCollectionViewCell.swift */; };
		400CA4A11B57BC83005665D6 /* TutorialBubbleCollectionViewCell.xib in Resources */ = {isa = PBXBuildFile; fileRef = 400CA49F1B57BC83005665D6 /* TutorialBubbleCollectionViewCell.xib */; };
		4016F32E1B04B5EE00728202 /* SpeechBubbleView.swift in Sources */ = {isa = PBXBuildFile; fileRef = 4016F32D1B04B5EE00728202 /* SpeechBubbleView.swift */; };
		4016F3311B04ECD300728202 /* SpeechBubbleCollectionViewCell.swift in Sources */ = {isa = PBXBuildFile; fileRef = 4016F3301B04ECD300728202 /* SpeechBubbleCollectionViewCell.swift */; };
		4016F3331B04EDF200728202 /* SenseiViewController.swift in Sources */ = {isa = PBXBuildFile; fileRef = 4016F3321B04EDF200728202 /* SenseiViewController.swift */; };
		401FBF931B20A221001DC2D0 /* SenseiModel.xcdatamodeld in Sources */ = {isa = PBXBuildFile; fileRef = 401FBF911B20A221001DC2D0 /* SenseiModel.xcdatamodeld */; };
		402C32B31B0392180045BAD7 /* SenseiTabController.swift in Sources */ = {isa = PBXBuildFile; fileRef = 402C32B11B0392180045BAD7 /* SenseiTabController.swift */; };
		402F14531B0A08AC000C4261 /* RestClient.framework in Frameworks */ = {isa = PBXBuildFile; fileRef = 402F14521B0A08AC000C4261 /* RestClient.framework */; };
		402F14571B0A0A24000C4261 /* TabSegue.swift in Sources */ = {isa = PBXBuildFile; fileRef = 402F14561B0A0A24000C4261 /* TabSegue.swift */; };
		402F14591B0A0A42000C4261 /* APIManager.swift in Sources */ = {isa = PBXBuildFile; fileRef = 402F14581B0A0A42000C4261 /* APIManager.swift */; };
		404E0C851B56474E00FE2F3F /* Extensions.swift in Sources */ = {isa = PBXBuildFile; fileRef = 404E0C841B56474E00FE2F3F /* Extensions.swift */; };
		404E0C951B5647CB00FE2F3F /* Affirmation.swift in Sources */ = {isa = PBXBuildFile; fileRef = 404E0C8B1B5647CB00FE2F3F /* Affirmation.swift */; };
		404E0C961B5647CB00FE2F3F /* AnswerMessage.swift in Sources */ = {isa = PBXBuildFile; fileRef = 404E0C8C1B5647CB00FE2F3F /* AnswerMessage.swift */; };
		404E0C971B5647CB00FE2F3F /* ConfirmationQuestion.swift in Sources */ = {isa = PBXBuildFile; fileRef = 404E0C8D1B5647CB00FE2F3F /* ConfirmationQuestion.swift */; };
		404E0C981B5647CB00FE2F3F /* Lesson.swift in Sources */ = {isa = PBXBuildFile; fileRef = 404E0C8E1B5647CB00FE2F3F /* Lesson.swift */; };
		404E0C991B5647CB00FE2F3F /* Question.swift in Sources */ = {isa = PBXBuildFile; fileRef = 404E0C8F1B5647CB00FE2F3F /* Question.swift */; };
		404E0C9A1B5647CB00FE2F3F /* UserMessage.swift in Sources */ = {isa = PBXBuildFile; fileRef = 404E0C901B5647CB00FE2F3F /* UserMessage.swift */; };
		404E0C9B1B5647CB00FE2F3F /* Visualization.swift in Sources */ = {isa = PBXBuildFile; fileRef = 404E0C911B5647CB00FE2F3F /* Visualization.swift */; };
		404E0C9C1B5647CB00FE2F3F /* Settings.swift in Sources */ = {isa = PBXBuildFile; fileRef = 404E0C931B5647CB00FE2F3F /* Settings.swift */; };
		404E0C9D1B5647CB00FE2F3F /* SleepTime.swift in Sources */ = {isa = PBXBuildFile; fileRef = 404E0C941B5647CB00FE2F3F /* SleepTime.swift */; };
		404E0C9F1B56484700FE2F3F /* TutorialStep.swift in Sources */ = {isa = PBXBuildFile; fileRef = 404E0C9E1B56484700FE2F3F /* TutorialStep.swift */; };
		404E0CA11B564B3900FE2F3F /* AnimatableImage.swift in Sources */ = {isa = PBXBuildFile; fileRef = 404E0CA01B564B3900FE2F3F /* AnimatableImage.swift */; };
		404E0CA31B56527F00FE2F3F /* Tutorial.plist in Resources */ = {isa = PBXBuildFile; fileRef = 404E0CA21B56527F00FE2F3F /* Tutorial.plist */; };
		404E0CA51B56677300FE2F3F /* TutorialManager.swift in Sources */ = {isa = PBXBuildFile; fileRef = 404E0CA41B56677300FE2F3F /* TutorialManager.swift */; };
		404E0CA71B566E8400FE2F3F /* QuestionTutorialStep.swift in Sources */ = {isa = PBXBuildFile; fileRef = 404E0CA61B566E8400FE2F3F /* QuestionTutorialStep.swift */; };
		404E0CA91B568B2000FE2F3F /* AnimatableImageView.swift in Sources */ = {isa = PBXBuildFile; fileRef = 404E0CA81B568B2000FE2F3F /* AnimatableImageView.swift */; };
		405389AB1B287FCF0035607E /* TextImageView.swift in Sources */ = {isa = PBXBuildFile; fileRef = 405389AA1B287FCF0035607E /* TextImageView.swift */; };
		405C1E631B43CE1D00400234 /* BlockingWindow.swift in Sources */ = {isa = PBXBuildFile; fileRef = 405C1E621B43CE1D00400234 /* BlockingWindow.swift */; };
		406266DB1B1D9FF700F161B6 /* FadingGradientView.swift in Sources */ = {isa = PBXBuildFile; fileRef = 406266DA1B1D9FF700F161B6 /* FadingGradientView.swift */; };
		406428401B0E1CD2008E2023 /* PlaceholderedTextView.swift in Sources */ = {isa = PBXBuildFile; fileRef = 4064283F1B0E1CD2008E2023 /* PlaceholderedTextView.swift */; };
		40675C0A1B2F0A0200E8A9D4 /* VigoSlider.swift in Sources */ = {isa = PBXBuildFile; fileRef = 40675C091B2F0A0200E8A9D4 /* VigoSlider.swift */; };
		40675C0C1B2F17BE00E8A9D4 /* NumberThumbView.swift in Sources */ = {isa = PBXBuildFile; fileRef = 40675C0B1B2F17BE00E8A9D4 /* NumberThumbView.swift */; };
		4084CFDC1AFA611B000F8D47 /* AppDelegate.swift in Sources */ = {isa = PBXBuildFile; fileRef = 4084CFDB1AFA611B000F8D47 /* AppDelegate.swift */; };
		4084CFE11AFA611B000F8D47 /* Main.storyboard in Resources */ = {isa = PBXBuildFile; fileRef = 4084CFDF1AFA611B000F8D47 /* Main.storyboard */; };
		4084CFE31AFA611B000F8D47 /* Images.xcassets in Resources */ = {isa = PBXBuildFile; fileRef = 4084CFE21AFA611B000F8D47 /* Images.xcassets */; };
		4084CFE61AFA611B000F8D47 /* LaunchScreen.xib in Resources */ = {isa = PBXBuildFile; fileRef = 4084CFE41AFA611B000F8D47 /* LaunchScreen.xib */; };
		408B320A1B0B7295001BB455 /* AnswerableView.swift in Sources */ = {isa = PBXBuildFile; fileRef = 408B32091B0B7295001BB455 /* AnswerableView.swift */; };
		408B320C1B0B7632001BB455 /* KeyboardInputAccessoryView.swift in Sources */ = {isa = PBXBuildFile; fileRef = 408B320B1B0B7632001BB455 /* KeyboardInputAccessoryView.swift */; };
		408B320E1B0B7645001BB455 /* KeyboardInputAccessoryView.xib in Resources */ = {isa = PBXBuildFile; fileRef = 408B320D1B0B7645001BB455 /* KeyboardInputAccessoryView.xib */; };
		40A026511B428A2B00E18958 /* TutorialViewController.swift in Sources */ = {isa = PBXBuildFile; fileRef = 40A026501B428A2B00E18958 /* TutorialViewController.swift */; };
		40A026531B42DB6A00E18958 /* Constants.swift in Sources */ = {isa = PBXBuildFile; fileRef = 40A026521B42DB6A00E18958 /* Constants.swift */; };
		40A139A51B0DB72C0010176D /* UserMessageViewController.swift in Sources */ = {isa = PBXBuildFile; fileRef = 40A139A41B0DB72C0010176D /* UserMessageViewController.swift */; };
		40A139A91B0DC68D0010176D /* SlotCollectionViewCell.swift in Sources */ = {isa = PBXBuildFile; fileRef = 40A139A81B0DC68D0010176D /* SlotCollectionViewCell.swift */; };
		40A1BD7A1B063E9C004ECD23 /* RightSpeechBubbleCollectionViewCell.xib in Resources */ = {isa = PBXBuildFile; fileRef = 40A1BD791B063E9C004ECD23 /* RightSpeechBubbleCollectionViewCell.xib */; };
		40A248CB1B46955B00D8F3CB /* PushNotification.swift in Sources */ = {isa = PBXBuildFile; fileRef = 40A248CA1B46955B00D8F3CB /* PushNotification.swift */; };
		40A3E3551B7CDA9A00E79257 /* PlainMessage.swift in Sources */ = {isa = PBXBuildFile; fileRef = 40A3E3541B7CDA9A00E79257 /* PlainMessage.swift */; };
		40A6741A1B21AF6C001408C3 /* SlotCollectionViewCell.xib in Resources */ = {isa = PBXBuildFile; fileRef = 40A674191B21AF6C001408C3 /* SlotCollectionViewCell.xib */; };
		40A6741C1B21B11E001408C3 /* VisualizationsViewController.swift in Sources */ = {isa = PBXBuildFile; fileRef = 40A6741B1B21B11E001408C3 /* VisualizationsViewController.swift */; };
		40A6741E1B21B1A4001408C3 /* AffirmationsViewController.swift in Sources */ = {isa = PBXBuildFile; fileRef = 40A6741D1B21B1A4001408C3 /* AffirmationsViewController.swift */; };
		40A7B6C01B12F7A00097852F /* CoreDataManager.swift in Sources */ = {isa = PBXBuildFile; fileRef = 40A7B6BF1B12F7A00097852F /* CoreDataManager.swift */; };
		40AA2D9B1B3ABF8500606E4E /* HeightPickerDelegate.swift in Sources */ = {isa = PBXBuildFile; fileRef = 40AA2D9A1B3ABF8500606E4E /* HeightPickerDelegate.swift */; };
		40AA2D9D1B3AC91600606E4E /* DataFormatter.swift in Sources */ = {isa = PBXBuildFile; fileRef = 40AA2D9C1B3AC91600606E4E /* DataFormatter.swift */; };
		40AA2D9F1B3AE2C500606E4E /* WeightPickerDelegate.swift in Sources */ = {isa = PBXBuildFile; fileRef = 40AA2D9E1B3AE2C500606E4E /* WeightPickerDelegate.swift */; };
		40B960131B25A04600D36938 /* TextImagePreviewController.swift in Sources */ = {isa = PBXBuildFile; fileRef = 40B960121B25A04600D36938 /* TextImagePreviewController.swift */; };
		40CBAEFE1B4BDE6000443FAA /* VisualisationView.swift in Sources */ = {isa = PBXBuildFile; fileRef = 40CBAEFD1B4BDE6000443FAA /* VisualisationView.swift */; };
		40EA4DA31B624FBB0011EF1A /* LeftSpeechBubbleCollectionViewCell.xib in Resources */ = {isa = PBXBuildFile; fileRef = 40EA4DA21B624FBB0011EF1A /* LeftSpeechBubbleCollectionViewCell.xib */; };
		40EB50EF1B4A630A003D5833 /* Fabric.framework in Frameworks */ = {isa = PBXBuildFile; fileRef = 40EB50EE1B4A630A003D5833 /* Fabric.framework */; };
		40EB50F11B4A63EA003D5833 /* Crashlytics.framework in Frameworks */ = {isa = PBXBuildFile; fileRef = 40EB50F01B4A63EA003D5833 /* Crashlytics.framework */; };
		40EB50F61B4A9DD0003D5833 /* MessageSwitchView.swift in Sources */ = {isa = PBXBuildFile; fileRef = 40EB50F21B4A9DD0003D5833 /* MessageSwitchView.swift */; };
		40EB50F71B4A9DD0003D5833 /* MessageSwitchView.xib in Resources */ = {isa = PBXBuildFile; fileRef = 40EB50F31B4A9DD0003D5833 /* MessageSwitchView.xib */; };
		40EB50F81B4A9DD0003D5833 /* NavigationView.swift in Sources */ = {isa = PBXBuildFile; fileRef = 40EB50F41B4A9DD0003D5833 /* NavigationView.swift */; };
		40EB50F91B4A9DD0003D5833 /* NavigationView.xib in Resources */ = {isa = PBXBuildFile; fileRef = 40EB50F51B4A9DD0003D5833 /* NavigationView.xib */; };
		40EC078C1B0B7DCC009A2000 /* PickerInputAccessoryView.swift in Sources */ = {isa = PBXBuildFile; fileRef = 40EC078B1B0B7DCC009A2000 /* PickerInputAccessoryView.swift */; };
		40EC078E1B0B7DE4009A2000 /* PickerInputAccessoryView.xib in Resources */ = {isa = PBXBuildFile; fileRef = 40EC078D1B0B7DE4009A2000 /* PickerInputAccessoryView.xib */; };
		40EC07901B0B86D8009A2000 /* BaseViewController.swift in Sources */ = {isa = PBXBuildFile; fileRef = 40EC078F1B0B86D8009A2000 /* BaseViewController.swift */; };
		58DE41751BE903FE0051018C /* AlertMessagesService.swift in Sources */ = {isa = PBXBuildFile; fileRef = 58DE41741BE903FE0051018C /* AlertMessagesService.swift */; };
		58DE41781BE915360051018C /* SocialPostingService.swift in Sources */ = {isa = PBXBuildFile; fileRef = 58DE41771BE915360051018C /* SocialPostingService.swift */; };
		7FC56FE91BD0C50D002F8105 /* Social.framework in Frameworks */ = {isa = PBXBuildFile; fileRef = 7FC56FE81BD0C50D002F8105 /* Social.framework */; };
		C76E77721B189FE000986B6F /* SettingsTableViewController.swift in Sources */ = {isa = PBXBuildFile; fileRef = C76E77711B189FE000986B6F /* SettingsTableViewController.swift */; };
		C7E32E9F1B184662008A2233 /* OSTextField.swift in Sources */ = {isa = PBXBuildFile; fileRef = C7E32E9E1B184662008A2233 /* OSTextField.swift */; };
/* End PBXBuildFile section */

/* Begin PBXFileReference section */
		3D7000FC1C3FF55C009F88F8 /* SenseiModelV1.xcdatamodel */ = {isa = PBXFileReference; lastKnownFileType = wrapper.xcdatamodel; path = SenseiModelV1.xcdatamodel; sourceTree = "<group>"; };
		3DA8D7D61C1ADCEF0075ADA5 /* UpgradeManager.swift */ = {isa = PBXFileReference; fileEncoding = 4; lastKnownFileType = sourcecode.swift; path = UpgradeManager.swift; sourceTree = "<group>"; };
		400CA49E1B57BC83005665D6 /* TutorialBubbleCollectionViewCell.swift */ = {isa = PBXFileReference; fileEncoding = 4; lastKnownFileType = sourcecode.swift; path = TutorialBubbleCollectionViewCell.swift; sourceTree = "<group>"; };
		400CA49F1B57BC83005665D6 /* TutorialBubbleCollectionViewCell.xib */ = {isa = PBXFileReference; fileEncoding = 4; lastKnownFileType = file.xib; path = TutorialBubbleCollectionViewCell.xib; sourceTree = "<group>"; };
		4016F32D1B04B5EE00728202 /* SpeechBubbleView.swift */ = {isa = PBXFileReference; fileEncoding = 4; lastKnownFileType = sourcecode.swift; path = SpeechBubbleView.swift; sourceTree = "<group>"; };
		4016F3301B04ECD300728202 /* SpeechBubbleCollectionViewCell.swift */ = {isa = PBXFileReference; fileEncoding = 4; lastKnownFileType = sourcecode.swift; path = SpeechBubbleCollectionViewCell.swift; sourceTree = "<group>"; };
		4016F3321B04EDF200728202 /* SenseiViewController.swift */ = {isa = PBXFileReference; fileEncoding = 4; lastKnownFileType = sourcecode.swift; path = SenseiViewController.swift; sourceTree = "<group>"; };
		401FBF921B20A221001DC2D0 /* SenseiModel.xcdatamodel */ = {isa = PBXFileReference; lastKnownFileType = wrapper.xcdatamodel; path = SenseiModel.xcdatamodel; sourceTree = "<group>"; };
		402C32B11B0392180045BAD7 /* SenseiTabController.swift */ = {isa = PBXFileReference; fileEncoding = 4; lastKnownFileType = sourcecode.swift; path = SenseiTabController.swift; sourceTree = "<group>"; };
		402F14521B0A08AC000C4261 /* RestClient.framework */ = {isa = PBXFileReference; lastKnownFileType = wrapper.framework; path = RestClient.framework; sourceTree = "<group>"; };
		402F14561B0A0A24000C4261 /* TabSegue.swift */ = {isa = PBXFileReference; fileEncoding = 4; lastKnownFileType = sourcecode.swift; path = TabSegue.swift; sourceTree = "<group>"; };
		402F14581B0A0A42000C4261 /* APIManager.swift */ = {isa = PBXFileReference; fileEncoding = 4; lastKnownFileType = sourcecode.swift; path = APIManager.swift; sourceTree = "<group>"; };
		404E0C841B56474E00FE2F3F /* Extensions.swift */ = {isa = PBXFileReference; fileEncoding = 4; lastKnownFileType = sourcecode.swift; path = Extensions.swift; sourceTree = "<group>"; };
		404E0C8B1B5647CB00FE2F3F /* Affirmation.swift */ = {isa = PBXFileReference; fileEncoding = 4; lastKnownFileType = sourcecode.swift; path = Affirmation.swift; sourceTree = "<group>"; };
		404E0C8C1B5647CB00FE2F3F /* AnswerMessage.swift */ = {isa = PBXFileReference; fileEncoding = 4; lastKnownFileType = sourcecode.swift; path = AnswerMessage.swift; sourceTree = "<group>"; };
		404E0C8D1B5647CB00FE2F3F /* ConfirmationQuestion.swift */ = {isa = PBXFileReference; fileEncoding = 4; lastKnownFileType = sourcecode.swift; path = ConfirmationQuestion.swift; sourceTree = "<group>"; };
		404E0C8E1B5647CB00FE2F3F /* Lesson.swift */ = {isa = PBXFileReference; fileEncoding = 4; lastKnownFileType = sourcecode.swift; path = Lesson.swift; sourceTree = "<group>"; };
		404E0C8F1B5647CB00FE2F3F /* Question.swift */ = {isa = PBXFileReference; fileEncoding = 4; lastKnownFileType = sourcecode.swift; path = Question.swift; sourceTree = "<group>"; };
		404E0C901B5647CB00FE2F3F /* UserMessage.swift */ = {isa = PBXFileReference; fileEncoding = 4; lastKnownFileType = sourcecode.swift; path = UserMessage.swift; sourceTree = "<group>"; };
		404E0C911B5647CB00FE2F3F /* Visualization.swift */ = {isa = PBXFileReference; fileEncoding = 4; lastKnownFileType = sourcecode.swift; path = Visualization.swift; sourceTree = "<group>"; };
		404E0C931B5647CB00FE2F3F /* Settings.swift */ = {isa = PBXFileReference; fileEncoding = 4; lastKnownFileType = sourcecode.swift; path = Settings.swift; sourceTree = "<group>"; };
		404E0C941B5647CB00FE2F3F /* SleepTime.swift */ = {isa = PBXFileReference; fileEncoding = 4; lastKnownFileType = sourcecode.swift; path = SleepTime.swift; sourceTree = "<group>"; };
		404E0C9E1B56484700FE2F3F /* TutorialStep.swift */ = {isa = PBXFileReference; fileEncoding = 4; lastKnownFileType = sourcecode.swift; path = TutorialStep.swift; sourceTree = "<group>"; };
		404E0CA01B564B3900FE2F3F /* AnimatableImage.swift */ = {isa = PBXFileReference; fileEncoding = 4; lastKnownFileType = sourcecode.swift; path = AnimatableImage.swift; sourceTree = "<group>"; };
		404E0CA21B56527F00FE2F3F /* Tutorial.plist */ = {isa = PBXFileReference; fileEncoding = 4; lastKnownFileType = text.plist.xml; path = Tutorial.plist; sourceTree = "<group>"; };
		404E0CA41B56677300FE2F3F /* TutorialManager.swift */ = {isa = PBXFileReference; fileEncoding = 4; lastKnownFileType = sourcecode.swift; path = TutorialManager.swift; sourceTree = "<group>"; };
		404E0CA61B566E8400FE2F3F /* QuestionTutorialStep.swift */ = {isa = PBXFileReference; fileEncoding = 4; lastKnownFileType = sourcecode.swift; path = QuestionTutorialStep.swift; sourceTree = "<group>"; };
		404E0CA81B568B2000FE2F3F /* AnimatableImageView.swift */ = {isa = PBXFileReference; fileEncoding = 4; lastKnownFileType = sourcecode.swift; path = AnimatableImageView.swift; sourceTree = "<group>"; };
		405389AA1B287FCF0035607E /* TextImageView.swift */ = {isa = PBXFileReference; fileEncoding = 4; lastKnownFileType = sourcecode.swift; lineEnding = 0; path = TextImageView.swift; sourceTree = "<group>"; xcLanguageSpecificationIdentifier = xcode.lang.swift; };
		405C1E621B43CE1D00400234 /* BlockingWindow.swift */ = {isa = PBXFileReference; fileEncoding = 4; lastKnownFileType = sourcecode.swift; path = BlockingWindow.swift; sourceTree = "<group>"; };
		406266DA1B1D9FF700F161B6 /* FadingGradientView.swift */ = {isa = PBXFileReference; fileEncoding = 4; lastKnownFileType = sourcecode.swift; path = FadingGradientView.swift; sourceTree = "<group>"; };
		4064283F1B0E1CD2008E2023 /* PlaceholderedTextView.swift */ = {isa = PBXFileReference; fileEncoding = 4; lastKnownFileType = sourcecode.swift; path = PlaceholderedTextView.swift; sourceTree = "<group>"; };
		40675C091B2F0A0200E8A9D4 /* VigoSlider.swift */ = {isa = PBXFileReference; fileEncoding = 4; lastKnownFileType = sourcecode.swift; path = VigoSlider.swift; sourceTree = "<group>"; };
		40675C0B1B2F17BE00E8A9D4 /* NumberThumbView.swift */ = {isa = PBXFileReference; fileEncoding = 4; lastKnownFileType = sourcecode.swift; path = NumberThumbView.swift; sourceTree = "<group>"; };
		4084CFD61AFA611B000F8D47 /* Sensei.app */ = {isa = PBXFileReference; explicitFileType = wrapper.application; includeInIndex = 0; path = Sensei.app; sourceTree = BUILT_PRODUCTS_DIR; };
		4084CFDA1AFA611B000F8D47 /* Info.plist */ = {isa = PBXFileReference; lastKnownFileType = text.plist.xml; path = Info.plist; sourceTree = "<group>"; };
		4084CFDB1AFA611B000F8D47 /* AppDelegate.swift */ = {isa = PBXFileReference; lastKnownFileType = sourcecode.swift; path = AppDelegate.swift; sourceTree = "<group>"; };
		4084CFE01AFA611B000F8D47 /* Base */ = {isa = PBXFileReference; lastKnownFileType = file.storyboard; name = Base; path = Base.lproj/Main.storyboard; sourceTree = "<group>"; };
		4084CFE21AFA611B000F8D47 /* Images.xcassets */ = {isa = PBXFileReference; lastKnownFileType = folder.assetcatalog; path = Images.xcassets; sourceTree = "<group>"; };
		4084CFE51AFA611B000F8D47 /* Base */ = {isa = PBXFileReference; lastKnownFileType = file.xib; name = Base; path = Base.lproj/LaunchScreen.xib; sourceTree = "<group>"; };
		4084CFF01AFA611B000F8D47 /* Info.plist */ = {isa = PBXFileReference; lastKnownFileType = text.plist.xml; path = Info.plist; sourceTree = "<group>"; };
		4084CFF11AFA611B000F8D47 /* SenseiTests.swift */ = {isa = PBXFileReference; lastKnownFileType = sourcecode.swift; path = SenseiTests.swift; sourceTree = "<group>"; };
		408B32091B0B7295001BB455 /* AnswerableView.swift */ = {isa = PBXFileReference; fileEncoding = 4; lastKnownFileType = sourcecode.swift; lineEnding = 0; path = AnswerableView.swift; sourceTree = "<group>"; xcLanguageSpecificationIdentifier = xcode.lang.swift; };
		408B320B1B0B7632001BB455 /* KeyboardInputAccessoryView.swift */ = {isa = PBXFileReference; fileEncoding = 4; lastKnownFileType = sourcecode.swift; path = KeyboardInputAccessoryView.swift; sourceTree = "<group>"; };
		408B320D1B0B7645001BB455 /* KeyboardInputAccessoryView.xib */ = {isa = PBXFileReference; fileEncoding = 4; lastKnownFileType = file.xib; path = KeyboardInputAccessoryView.xib; sourceTree = "<group>"; };
		40A026501B428A2B00E18958 /* TutorialViewController.swift */ = {isa = PBXFileReference; fileEncoding = 4; lastKnownFileType = sourcecode.swift; path = TutorialViewController.swift; sourceTree = "<group>"; };
		40A026521B42DB6A00E18958 /* Constants.swift */ = {isa = PBXFileReference; fileEncoding = 4; lastKnownFileType = sourcecode.swift; path = Constants.swift; sourceTree = "<group>"; };
		40A139A41B0DB72C0010176D /* UserMessageViewController.swift */ = {isa = PBXFileReference; fileEncoding = 4; lastKnownFileType = sourcecode.swift; path = UserMessageViewController.swift; sourceTree = "<group>"; };
		40A139A81B0DC68D0010176D /* SlotCollectionViewCell.swift */ = {isa = PBXFileReference; fileEncoding = 4; lastKnownFileType = sourcecode.swift; path = SlotCollectionViewCell.swift; sourceTree = "<group>"; };
		40A1BD791B063E9C004ECD23 /* RightSpeechBubbleCollectionViewCell.xib */ = {isa = PBXFileReference; fileEncoding = 4; lastKnownFileType = file.xib; path = RightSpeechBubbleCollectionViewCell.xib; sourceTree = "<group>"; };
		40A248CA1B46955B00D8F3CB /* PushNotification.swift */ = {isa = PBXFileReference; fileEncoding = 4; lastKnownFileType = sourcecode.swift; path = PushNotification.swift; sourceTree = "<group>"; };
		40A3E3541B7CDA9A00E79257 /* PlainMessage.swift */ = {isa = PBXFileReference; fileEncoding = 4; lastKnownFileType = sourcecode.swift; path = PlainMessage.swift; sourceTree = "<group>"; };
		40A674191B21AF6C001408C3 /* SlotCollectionViewCell.xib */ = {isa = PBXFileReference; fileEncoding = 4; lastKnownFileType = file.xib; path = SlotCollectionViewCell.xib; sourceTree = "<group>"; };
		40A6741B1B21B11E001408C3 /* VisualizationsViewController.swift */ = {isa = PBXFileReference; fileEncoding = 4; lastKnownFileType = sourcecode.swift; lineEnding = 0; path = VisualizationsViewController.swift; sourceTree = "<group>"; xcLanguageSpecificationIdentifier = xcode.lang.swift; };
		40A6741D1B21B1A4001408C3 /* AffirmationsViewController.swift */ = {isa = PBXFileReference; fileEncoding = 4; lastKnownFileType = sourcecode.swift; path = AffirmationsViewController.swift; sourceTree = "<group>"; };
		40A7B6BF1B12F7A00097852F /* CoreDataManager.swift */ = {isa = PBXFileReference; fileEncoding = 4; lastKnownFileType = sourcecode.swift; path = CoreDataManager.swift; sourceTree = "<group>"; };
		40AA2D9A1B3ABF8500606E4E /* HeightPickerDelegate.swift */ = {isa = PBXFileReference; fileEncoding = 4; lastKnownFileType = sourcecode.swift; path = HeightPickerDelegate.swift; sourceTree = "<group>"; };
		40AA2D9C1B3AC91600606E4E /* DataFormatter.swift */ = {isa = PBXFileReference; fileEncoding = 4; lastKnownFileType = sourcecode.swift; path = DataFormatter.swift; sourceTree = "<group>"; };
		40AA2D9E1B3AE2C500606E4E /* WeightPickerDelegate.swift */ = {isa = PBXFileReference; fileEncoding = 4; lastKnownFileType = sourcecode.swift; path = WeightPickerDelegate.swift; sourceTree = "<group>"; };
		40B960121B25A04600D36938 /* TextImagePreviewController.swift */ = {isa = PBXFileReference; fileEncoding = 4; lastKnownFileType = sourcecode.swift; lineEnding = 0; path = TextImagePreviewController.swift; sourceTree = "<group>"; xcLanguageSpecificationIdentifier = xcode.lang.swift; };
		40CBAEFD1B4BDE6000443FAA /* VisualisationView.swift */ = {isa = PBXFileReference; fileEncoding = 4; lastKnownFileType = sourcecode.swift; path = VisualisationView.swift; sourceTree = "<group>"; };
		40EA4DA21B624FBB0011EF1A /* LeftSpeechBubbleCollectionViewCell.xib */ = {isa = PBXFileReference; fileEncoding = 4; lastKnownFileType = file.xib; path = LeftSpeechBubbleCollectionViewCell.xib; sourceTree = "<group>"; };
		40EB50EE1B4A630A003D5833 /* Fabric.framework */ = {isa = PBXFileReference; lastKnownFileType = wrapper.framework; path = Fabric.framework; sourceTree = "<group>"; };
		40EB50F01B4A63EA003D5833 /* Crashlytics.framework */ = {isa = PBXFileReference; lastKnownFileType = wrapper.framework; path = Crashlytics.framework; sourceTree = "<group>"; };
		40EB50F21B4A9DD0003D5833 /* MessageSwitchView.swift */ = {isa = PBXFileReference; fileEncoding = 4; lastKnownFileType = sourcecode.swift; path = MessageSwitchView.swift; sourceTree = "<group>"; };
		40EB50F31B4A9DD0003D5833 /* MessageSwitchView.xib */ = {isa = PBXFileReference; fileEncoding = 4; lastKnownFileType = file.xib; path = MessageSwitchView.xib; sourceTree = "<group>"; };
		40EB50F41B4A9DD0003D5833 /* NavigationView.swift */ = {isa = PBXFileReference; fileEncoding = 4; lastKnownFileType = sourcecode.swift; path = NavigationView.swift; sourceTree = "<group>"; };
		40EB50F51B4A9DD0003D5833 /* NavigationView.xib */ = {isa = PBXFileReference; fileEncoding = 4; lastKnownFileType = file.xib; path = NavigationView.xib; sourceTree = "<group>"; };
		40EC078B1B0B7DCC009A2000 /* PickerInputAccessoryView.swift */ = {isa = PBXFileReference; fileEncoding = 4; lastKnownFileType = sourcecode.swift; path = PickerInputAccessoryView.swift; sourceTree = "<group>"; };
		40EC078D1B0B7DE4009A2000 /* PickerInputAccessoryView.xib */ = {isa = PBXFileReference; fileEncoding = 4; lastKnownFileType = file.xib; path = PickerInputAccessoryView.xib; sourceTree = "<group>"; };
		40EC078F1B0B86D8009A2000 /* BaseViewController.swift */ = {isa = PBXFileReference; fileEncoding = 4; lastKnownFileType = sourcecode.swift; path = BaseViewController.swift; sourceTree = "<group>"; };
		58DE41741BE903FE0051018C /* AlertMessagesService.swift */ = {isa = PBXFileReference; fileEncoding = 4; lastKnownFileType = sourcecode.swift; name = AlertMessagesService.swift; path = Services/AlertMessagesService.swift; sourceTree = "<group>"; };
		58DE41771BE915360051018C /* SocialPostingService.swift */ = {isa = PBXFileReference; fileEncoding = 4; lastKnownFileType = sourcecode.swift; name = SocialPostingService.swift; path = Services/SocialPostingService.swift; sourceTree = "<group>"; };
		7FC56FE81BD0C50D002F8105 /* Social.framework */ = {isa = PBXFileReference; lastKnownFileType = wrapper.framework; name = Social.framework; path = System/Library/Frameworks/Social.framework; sourceTree = SDKROOT; };
		C76E77711B189FE000986B6F /* SettingsTableViewController.swift */ = {isa = PBXFileReference; fileEncoding = 4; lastKnownFileType = sourcecode.swift; path = SettingsTableViewController.swift; sourceTree = "<group>"; };
		C7E32E9E1B184662008A2233 /* OSTextField.swift */ = {isa = PBXFileReference; fileEncoding = 4; lastKnownFileType = sourcecode.swift; name = OSTextField.swift; path = Sensei/Classes/Extensions/OSTextField.swift; sourceTree = SOURCE_ROOT; };
/* End PBXFileReference section */

/* Begin PBXFrameworksBuildPhase section */
		4084CFD31AFA611B000F8D47 /* Frameworks */ = {
			isa = PBXFrameworksBuildPhase;
			buildActionMask = 2147483647;
			files = (
				7FC56FE91BD0C50D002F8105 /* Social.framework in Frameworks */,
				402F14531B0A08AC000C4261 /* RestClient.framework in Frameworks */,
				40EB50F11B4A63EA003D5833 /* Crashlytics.framework in Frameworks */,
				40EB50EF1B4A630A003D5833 /* Fabric.framework in Frameworks */,
			);
			runOnlyForDeploymentPostprocessing = 0;
		};
/* End PBXFrameworksBuildPhase section */

/* Begin PBXGroup section */
		4016F32F1B04EC7E00728202 /* CollectionViewCells */ = {
			isa = PBXGroup;
			children = (
				400CA49E1B57BC83005665D6 /* TutorialBubbleCollectionViewCell.swift */,
				400CA49F1B57BC83005665D6 /* TutorialBubbleCollectionViewCell.xib */,
				4016F3301B04ECD300728202 /* SpeechBubbleCollectionViewCell.swift */,
				40A1BD791B063E9C004ECD23 /* RightSpeechBubbleCollectionViewCell.xib */,
				40EA4DA21B624FBB0011EF1A /* LeftSpeechBubbleCollectionViewCell.xib */,
				40A139A81B0DC68D0010176D /* SlotCollectionViewCell.swift */,
				40A674191B21AF6C001408C3 /* SlotCollectionViewCell.xib */,
			);
			path = CollectionViewCells;
			sourceTree = "<group>";
		};
		402C32AE1B0392180045BAD7 /* Classes */ = {
			isa = PBXGroup;
			children = (
				58DE41731BE903E40051018C /* Services */,
				C7E32E9D1B184619008A2233 /* Extensions */,
				402F14541B0A0A24000C4261 /* Managers */,
				402F14551B0A0A24000C4261 /* Segues */,
			);
			path = Classes;
			sourceTree = "<group>";
		};
		402C32AF1B0392180045BAD7 /* Models */ = {
			isa = PBXGroup;
			children = (
				404E0C8A1B5647CB00FE2F3F /* Messages */,
				404E0C921B5647CB00FE2F3F /* Settings */,
				40AA2D9C1B3AC91600606E4E /* DataFormatter.swift */,
				40AA2D9A1B3ABF8500606E4E /* HeightPickerDelegate.swift */,
				40AA2D9E1B3AE2C500606E4E /* WeightPickerDelegate.swift */,
				40A248CA1B46955B00D8F3CB /* PushNotification.swift */,
				404E0CA01B564B3900FE2F3F /* AnimatableImage.swift */,
			);
			path = Models;
			sourceTree = "<group>";
		};
		402C32B01B0392180045BAD7 /* ViewControllers */ = {
			isa = PBXGroup;
			children = (
				40EC078F1B0B86D8009A2000 /* BaseViewController.swift */,
				40A026501B428A2B00E18958 /* TutorialViewController.swift */,
				402C32B11B0392180045BAD7 /* SenseiTabController.swift */,
				4016F3321B04EDF200728202 /* SenseiViewController.swift */,
				C76E77711B189FE000986B6F /* SettingsTableViewController.swift */,
				40A139A41B0DB72C0010176D /* UserMessageViewController.swift */,
				40A6741D1B21B1A4001408C3 /* AffirmationsViewController.swift */,
				40A6741B1B21B11E001408C3 /* VisualizationsViewController.swift */,
				40B960121B25A04600D36938 /* TextImagePreviewController.swift */,
			);
			path = ViewControllers;
			sourceTree = "<group>";
		};
		402C32B21B0392180045BAD7 /* Views */ = {
			isa = PBXGroup;
			children = (
				4016F32F1B04EC7E00728202 /* CollectionViewCells */,
				40CBAEFD1B4BDE6000443FAA /* VisualisationView.swift */,
				40EB50F21B4A9DD0003D5833 /* MessageSwitchView.swift */,
				40EB50F31B4A9DD0003D5833 /* MessageSwitchView.xib */,
				40EB50F41B4A9DD0003D5833 /* NavigationView.swift */,
				40EB50F51B4A9DD0003D5833 /* NavigationView.xib */,
				4016F32D1B04B5EE00728202 /* SpeechBubbleView.swift */,
				408B32091B0B7295001BB455 /* AnswerableView.swift */,
				408B320B1B0B7632001BB455 /* KeyboardInputAccessoryView.swift */,
				408B320D1B0B7645001BB455 /* KeyboardInputAccessoryView.xib */,
				40EC078B1B0B7DCC009A2000 /* PickerInputAccessoryView.swift */,
				40EC078D1B0B7DE4009A2000 /* PickerInputAccessoryView.xib */,
				4064283F1B0E1CD2008E2023 /* PlaceholderedTextView.swift */,
				406266DA1B1D9FF700F161B6 /* FadingGradientView.swift */,
				405389AA1B287FCF0035607E /* TextImageView.swift */,
				40675C091B2F0A0200E8A9D4 /* VigoSlider.swift */,
				40675C0B1B2F17BE00E8A9D4 /* NumberThumbView.swift */,
				405C1E621B43CE1D00400234 /* BlockingWindow.swift */,
				404E0CA81B568B2000FE2F3F /* AnimatableImageView.swift */,
			);
			path = Views;
			sourceTree = "<group>";
		};
		402F14511B0A08AC000C4261 /* Frameworks */ = {
			isa = PBXGroup;
			children = (
				40EB50F01B4A63EA003D5833 /* Crashlytics.framework */,
				40EB50EE1B4A630A003D5833 /* Fabric.framework */,
				402F14521B0A08AC000C4261 /* RestClient.framework */,
			);
			path = Frameworks;
			sourceTree = "<group>";
		};
		402F14541B0A0A24000C4261 /* Managers */ = {
			isa = PBXGroup;
			children = (
				402F14581B0A0A42000C4261 /* APIManager.swift */,
				40A7B6BF1B12F7A00097852F /* CoreDataManager.swift */,
				404E0CA41B56677300FE2F3F /* TutorialManager.swift */,
				3DA8D7D61C1ADCEF0075ADA5 /* UpgradeManager.swift */,
			);
			path = Managers;
			sourceTree = "<group>";
		};
		402F14551B0A0A24000C4261 /* Segues */ = {
			isa = PBXGroup;
			children = (
				402F14561B0A0A24000C4261 /* TabSegue.swift */,
			);
			path = Segues;
			sourceTree = "<group>";
		};
		404E0C8A1B5647CB00FE2F3F /* Messages */ = {
			isa = PBXGroup;
			children = (
				40A3E3541B7CDA9A00E79257 /* PlainMessage.swift */,
				404E0C8D1B5647CB00FE2F3F /* ConfirmationQuestion.swift */,
				404E0C8F1B5647CB00FE2F3F /* Question.swift */,
				404E0C8C1B5647CB00FE2F3F /* AnswerMessage.swift */,
				404E0C8E1B5647CB00FE2F3F /* Lesson.swift */,
				404E0C901B5647CB00FE2F3F /* UserMessage.swift */,
				404E0C8B1B5647CB00FE2F3F /* Affirmation.swift */,
				404E0C911B5647CB00FE2F3F /* Visualization.swift */,
				404E0C9E1B56484700FE2F3F /* TutorialStep.swift */,
				404E0CA61B566E8400FE2F3F /* QuestionTutorialStep.swift */,
			);
			path = Messages;
			sourceTree = "<group>";
		};
		404E0C921B5647CB00FE2F3F /* Settings */ = {
			isa = PBXGroup;
			children = (
				404E0C931B5647CB00FE2F3F /* Settings.swift */,
				404E0C941B5647CB00FE2F3F /* SleepTime.swift */,
			);
			path = Settings;
			sourceTree = "<group>";
		};
		4084CFCD1AFA611B000F8D47 = {
			isa = PBXGroup;
			children = (
				7FC56FE81BD0C50D002F8105 /* Social.framework */,
				4084CFD81AFA611B000F8D47 /* Sensei */,
				4084CFEE1AFA611B000F8D47 /* SenseiTests */,
				4084CFD71AFA611B000F8D47 /* Products */,
			);
			sourceTree = "<group>";
		};
		4084CFD71AFA611B000F8D47 /* Products */ = {
			isa = PBXGroup;
			children = (
				4084CFD61AFA611B000F8D47 /* Sensei.app */,
			);
			name = Products;
			sourceTree = "<group>";
		};
		4084CFD81AFA611B000F8D47 /* Sensei */ = {
			isa = PBXGroup;
			children = (
				401FBF911B20A221001DC2D0 /* SenseiModel.xcdatamodeld */,
				402F14511B0A08AC000C4261 /* Frameworks */,
				402C32AE1B0392180045BAD7 /* Classes */,
				402C32AF1B0392180045BAD7 /* Models */,
				402C32B21B0392180045BAD7 /* Views */,
				402C32B01B0392180045BAD7 /* ViewControllers */,
				4084CFDB1AFA611B000F8D47 /* AppDelegate.swift */,
				4084CFDF1AFA611B000F8D47 /* Main.storyboard */,
				4084CFE21AFA611B000F8D47 /* Images.xcassets */,
				4084CFD91AFA611B000F8D47 /* Supporting Files */,
			);
			path = Sensei;
			sourceTree = "<group>";
		};
		4084CFD91AFA611B000F8D47 /* Supporting Files */ = {
			isa = PBXGroup;
			children = (
				40A026521B42DB6A00E18958 /* Constants.swift */,
				4084CFE41AFA611B000F8D47 /* LaunchScreen.xib */,
				4084CFDA1AFA611B000F8D47 /* Info.plist */,
				404E0CA21B56527F00FE2F3F /* Tutorial.plist */,
			);
			name = "Supporting Files";
			sourceTree = "<group>";
		};
		4084CFEE1AFA611B000F8D47 /* SenseiTests */ = {
			isa = PBXGroup;
			children = (
				4084CFF11AFA611B000F8D47 /* SenseiTests.swift */,
				4084CFEF1AFA611B000F8D47 /* Supporting Files */,
			);
			path = SenseiTests;
			sourceTree = "<group>";
		};
		4084CFEF1AFA611B000F8D47 /* Supporting Files */ = {
			isa = PBXGroup;
			children = (
				4084CFF01AFA611B000F8D47 /* Info.plist */,
			);
			name = "Supporting Files";
			sourceTree = "<group>";
		};
		58DE41701BE8FF8D0051018C /* AlertMessagesService */ = {
			isa = PBXGroup;
			children = (
				58DE41741BE903FE0051018C /* AlertMessagesService.swift */,
			);
			name = AlertMessagesService;
			sourceTree = "<group>";
		};
		58DE41731BE903E40051018C /* Services */ = {
			isa = PBXGroup;
			children = (
				58DE41761BE915240051018C /* SocialPostingService */,
				58DE41701BE8FF8D0051018C /* AlertMessagesService */,
			);
			name = Services;
			sourceTree = "<group>";
		};
		58DE41761BE915240051018C /* SocialPostingService */ = {
			isa = PBXGroup;
			children = (
				58DE41771BE915360051018C /* SocialPostingService.swift */,
			);
			name = SocialPostingService;
			sourceTree = "<group>";
		};
		C7E32E9D1B184619008A2233 /* Extensions */ = {
			isa = PBXGroup;
			children = (
				404E0C841B56474E00FE2F3F /* Extensions.swift */,
				C7E32E9E1B184662008A2233 /* OSTextField.swift */,
			);
			name = Extensions;
			path = Managers;
			sourceTree = "<group>";
		};
/* End PBXGroup section */

/* Begin PBXNativeTarget section */
		4084CFD51AFA611B000F8D47 /* Sensei */ = {
			isa = PBXNativeTarget;
			buildConfigurationList = 4084CFF51AFA611B000F8D47 /* Build configuration list for PBXNativeTarget "Sensei" */;
			buildPhases = (
				4084CFD21AFA611B000F8D47 /* Sources */,
				4084CFD31AFA611B000F8D47 /* Frameworks */,
				4084CFD41AFA611B000F8D47 /* Resources */,
				40EB50EB1B4A61AF003D5833 /* ShellScript */,
			);
			buildRules = (
			);
			dependencies = (
			);
			name = Sensei;
			productName = Sensei;
			productReference = 4084CFD61AFA611B000F8D47 /* Sensei.app */;
			productType = "com.apple.product-type.application";
		};
/* End PBXNativeTarget section */

/* Begin PBXProject section */
		4084CFCE1AFA611B000F8D47 /* Project object */ = {
			isa = PBXProject;
			attributes = {
				LastSwiftMigration = 0700;
				LastSwiftUpdateCheck = 0700;
				LastUpgradeCheck = 0700;
				ORGANIZATIONNAME = ThinkMobiles;
				TargetAttributes = {
					4084CFD51AFA611B000F8D47 = {
						CreatedOnToolsVersion = 6.3.1;
						DevelopmentTeam = 7JSQETKKF7;
					};
				};
			};
			buildConfigurationList = 4084CFD11AFA611B000F8D47 /* Build configuration list for PBXProject "Sensei" */;
			compatibilityVersion = "Xcode 3.2";
			developmentRegion = English;
			hasScannedForEncodings = 0;
			knownRegions = (
				en,
				Base,
			);
			mainGroup = 4084CFCD1AFA611B000F8D47;
			productRefGroup = 4084CFD71AFA611B000F8D47 /* Products */;
			projectDirPath = "";
			projectRoot = "";
			targets = (
				4084CFD51AFA611B000F8D47 /* Sensei */,
			);
		};
/* End PBXProject section */

/* Begin PBXResourcesBuildPhase section */
		4084CFD41AFA611B000F8D47 /* Resources */ = {
			isa = PBXResourcesBuildPhase;
			buildActionMask = 2147483647;
			files = (
				4084CFE11AFA611B000F8D47 /* Main.storyboard in Resources */,
				4084CFE61AFA611B000F8D47 /* LaunchScreen.xib in Resources */,
				40A6741A1B21AF6C001408C3 /* SlotCollectionViewCell.xib in Resources */,
				40A1BD7A1B063E9C004ECD23 /* RightSpeechBubbleCollectionViewCell.xib in Resources */,
				404E0CA31B56527F00FE2F3F /* Tutorial.plist in Resources */,
				408B320E1B0B7645001BB455 /* KeyboardInputAccessoryView.xib in Resources */,
				40EB50F91B4A9DD0003D5833 /* NavigationView.xib in Resources */,
				400CA4A11B57BC83005665D6 /* TutorialBubbleCollectionViewCell.xib in Resources */,
				40EC078E1B0B7DE4009A2000 /* PickerInputAccessoryView.xib in Resources */,
				4084CFE31AFA611B000F8D47 /* Images.xcassets in Resources */,
				40EB50F71B4A9DD0003D5833 /* MessageSwitchView.xib in Resources */,
				40EA4DA31B624FBB0011EF1A /* LeftSpeechBubbleCollectionViewCell.xib in Resources */,
			);
			runOnlyForDeploymentPostprocessing = 0;
		};
/* End PBXResourcesBuildPhase section */

/* Begin PBXShellScriptBuildPhase section */
		40EB50EB1B4A61AF003D5833 /* ShellScript */ = {
			isa = PBXShellScriptBuildPhase;
			buildActionMask = 8;
			files = (
			);
			inputPaths = (
			);
			outputPaths = (
			);
			runOnlyForDeploymentPostprocessing = 1;
			shellPath = /bin/sh;
			shellScript = "./Sensei/Frameworks/Fabric.framework/run 91e0be0380fdd13d90d4174ce7f04d3234a96595 c7e19b1300b582e16862f32ea2417b6377d986f8160f609ac49d9a1536745987";
			showEnvVarsInLog = 0;
		};
/* End PBXShellScriptBuildPhase section */

/* Begin PBXSourcesBuildPhase section */
		4084CFD21AFA611B000F8D47 /* Sources */ = {
			isa = PBXSourcesBuildPhase;
			buildActionMask = 2147483647;
			files = (
				40A248CB1B46955B00D8F3CB /* PushNotification.swift in Sources */,
				404E0C991B5647CB00FE2F3F /* Question.swift in Sources */,
				4016F32E1B04B5EE00728202 /* SpeechBubbleView.swift in Sources */,
				40AA2D9B1B3ABF8500606E4E /* HeightPickerDelegate.swift in Sources */,
				406266DB1B1D9FF700F161B6 /* FadingGradientView.swift in Sources */,
				404E0C9B1B5647CB00FE2F3F /* Visualization.swift in Sources */,
				400CA4A01B57BC83005665D6 /* TutorialBubbleCollectionViewCell.swift in Sources */,
				406428401B0E1CD2008E2023 /* PlaceholderedTextView.swift in Sources */,
				40675C0C1B2F17BE00E8A9D4 /* NumberThumbView.swift in Sources */,
				404E0C971B5647CB00FE2F3F /* ConfirmationQuestion.swift in Sources */,
				40A6741E1B21B1A4001408C3 /* AffirmationsViewController.swift in Sources */,
				58DE41751BE903FE0051018C /* AlertMessagesService.swift in Sources */,
				40AA2D9D1B3AC91600606E4E /* DataFormatter.swift in Sources */,
				40A026511B428A2B00E18958 /* TutorialViewController.swift in Sources */,
				404E0C851B56474E00FE2F3F /* Extensions.swift in Sources */,
				404E0C9A1B5647CB00FE2F3F /* UserMessage.swift in Sources */,
				40EB50F81B4A9DD0003D5833 /* NavigationView.swift in Sources */,
				40A3E3551B7CDA9A00E79257 /* PlainMessage.swift in Sources */,
				402C32B31B0392180045BAD7 /* SenseiTabController.swift in Sources */,
				58DE41781BE915360051018C /* SocialPostingService.swift in Sources */,
				402F14591B0A0A42000C4261 /* APIManager.swift in Sources */,
				401FBF931B20A221001DC2D0 /* SenseiModel.xcdatamodeld in Sources */,
				402F14571B0A0A24000C4261 /* TabSegue.swift in Sources */,
				40EC078C1B0B7DCC009A2000 /* PickerInputAccessoryView.swift in Sources */,
				404E0C9D1B5647CB00FE2F3F /* SleepTime.swift in Sources */,
				40EB50F61B4A9DD0003D5833 /* MessageSwitchView.swift in Sources */,
				404E0CA11B564B3900FE2F3F /* AnimatableImage.swift in Sources */,
				40EC07901B0B86D8009A2000 /* BaseViewController.swift in Sources */,
				404E0C9F1B56484700FE2F3F /* TutorialStep.swift in Sources */,
				3DA8D7D71C1ADCEF0075ADA5 /* UpgradeManager.swift in Sources */,
				408B320A1B0B7295001BB455 /* AnswerableView.swift in Sources */,
				40A026531B42DB6A00E18958 /* Constants.swift in Sources */,
				405C1E631B43CE1D00400234 /* BlockingWindow.swift in Sources */,
				40675C0A1B2F0A0200E8A9D4 /* VigoSlider.swift in Sources */,
				C76E77721B189FE000986B6F /* SettingsTableViewController.swift in Sources */,
				40AA2D9F1B3AE2C500606E4E /* WeightPickerDelegate.swift in Sources */,
				404E0CA51B56677300FE2F3F /* TutorialManager.swift in Sources */,
				404E0CA71B566E8400FE2F3F /* QuestionTutorialStep.swift in Sources */,
				4016F3311B04ECD300728202 /* SpeechBubbleCollectionViewCell.swift in Sources */,
				404E0C951B5647CB00FE2F3F /* Affirmation.swift in Sources */,
				40CBAEFE1B4BDE6000443FAA /* VisualisationView.swift in Sources */,
				404E0CA91B568B2000FE2F3F /* AnimatableImageView.swift in Sources */,
				40A139A91B0DC68D0010176D /* SlotCollectionViewCell.swift in Sources */,
				408B320C1B0B7632001BB455 /* KeyboardInputAccessoryView.swift in Sources */,
				C7E32E9F1B184662008A2233 /* OSTextField.swift in Sources */,
				4016F3331B04EDF200728202 /* SenseiViewController.swift in Sources */,
				405389AB1B287FCF0035607E /* TextImageView.swift in Sources */,
				40B960131B25A04600D36938 /* TextImagePreviewController.swift in Sources */,
				4084CFDC1AFA611B000F8D47 /* AppDelegate.swift in Sources */,
				404E0C981B5647CB00FE2F3F /* Lesson.swift in Sources */,
				40A7B6C01B12F7A00097852F /* CoreDataManager.swift in Sources */,
				404E0C961B5647CB00FE2F3F /* AnswerMessage.swift in Sources */,
				40A139A51B0DB72C0010176D /* UserMessageViewController.swift in Sources */,
				404E0C9C1B5647CB00FE2F3F /* Settings.swift in Sources */,
				40A6741C1B21B11E001408C3 /* VisualizationsViewController.swift in Sources */,
			);
			runOnlyForDeploymentPostprocessing = 0;
		};
/* End PBXSourcesBuildPhase section */

/* Begin PBXVariantGroup section */
		4084CFDF1AFA611B000F8D47 /* Main.storyboard */ = {
			isa = PBXVariantGroup;
			children = (
				4084CFE01AFA611B000F8D47 /* Base */,
			);
			name = Main.storyboard;
			sourceTree = "<group>";
		};
		4084CFE41AFA611B000F8D47 /* LaunchScreen.xib */ = {
			isa = PBXVariantGroup;
			children = (
				4084CFE51AFA611B000F8D47 /* Base */,
			);
			name = LaunchScreen.xib;
			sourceTree = "<group>";
		};
/* End PBXVariantGroup section */

/* Begin XCBuildConfiguration section */
		4084CFF31AFA611B000F8D47 /* Debug */ = {
			isa = XCBuildConfiguration;
			buildSettings = {
				ALWAYS_SEARCH_USER_PATHS = NO;
				CLANG_CXX_LANGUAGE_STANDARD = "gnu++0x";
				CLANG_CXX_LIBRARY = "libc++";
				CLANG_ENABLE_MODULES = YES;
				CLANG_ENABLE_OBJC_ARC = YES;
				CLANG_WARN_BOOL_CONVERSION = YES;
				CLANG_WARN_CONSTANT_CONVERSION = YES;
				CLANG_WARN_DIRECT_OBJC_ISA_USAGE = YES_ERROR;
				CLANG_WARN_EMPTY_BODY = YES;
				CLANG_WARN_ENUM_CONVERSION = YES;
				CLANG_WARN_INT_CONVERSION = YES;
				CLANG_WARN_OBJC_ROOT_CLASS = YES_ERROR;
				CLANG_WARN_UNREACHABLE_CODE = YES;
				CLANG_WARN__DUPLICATE_METHOD_MATCH = YES;
				CODE_SIGN_IDENTITY = "iPhone Developer";
				"CODE_SIGN_IDENTITY[sdk=iphoneos*]" = "iPhone Developer";
				COPY_PHASE_STRIP = NO;
				DEBUG_INFORMATION_FORMAT = "dwarf-with-dsym";
				ENABLE_STRICT_OBJC_MSGSEND = YES;
				ENABLE_TESTABILITY = YES;
				GCC_C_LANGUAGE_STANDARD = gnu99;
				GCC_DYNAMIC_NO_PIC = NO;
				GCC_NO_COMMON_BLOCKS = YES;
				GCC_OPTIMIZATION_LEVEL = 0;
				GCC_PREPROCESSOR_DEFINITIONS = (
					"DEBUG=1",
					"$(inherited)",
				);
				GCC_SYMBOLS_PRIVATE_EXTERN = NO;
				GCC_WARN_64_TO_32_BIT_CONVERSION = YES;
				GCC_WARN_ABOUT_RETURN_TYPE = YES_ERROR;
				GCC_WARN_UNDECLARED_SELECTOR = YES;
				GCC_WARN_UNINITIALIZED_AUTOS = YES_AGGRESSIVE;
				GCC_WARN_UNUSED_FUNCTION = YES;
				GCC_WARN_UNUSED_VARIABLE = YES;
				IPHONEOS_DEPLOYMENT_TARGET = 8.0;
				MTL_ENABLE_DEBUG_INFO = YES;
				ONLY_ACTIVE_ARCH = YES;
				PROVISIONING_PROFILE = "";
				SDKROOT = iphoneos;
				SWIFT_OPTIMIZATION_LEVEL = "-Onone";
			};
			name = Debug;
		};
		4084CFF41AFA611B000F8D47 /* Release */ = {
			isa = XCBuildConfiguration;
			buildSettings = {
				ALWAYS_SEARCH_USER_PATHS = NO;
				CLANG_CXX_LANGUAGE_STANDARD = "gnu++0x";
				CLANG_CXX_LIBRARY = "libc++";
				CLANG_ENABLE_MODULES = YES;
				CLANG_ENABLE_OBJC_ARC = YES;
				CLANG_WARN_BOOL_CONVERSION = YES;
				CLANG_WARN_CONSTANT_CONVERSION = YES;
				CLANG_WARN_DIRECT_OBJC_ISA_USAGE = YES_ERROR;
				CLANG_WARN_EMPTY_BODY = YES;
				CLANG_WARN_ENUM_CONVERSION = YES;
				CLANG_WARN_INT_CONVERSION = YES;
				CLANG_WARN_OBJC_ROOT_CLASS = YES_ERROR;
				CLANG_WARN_UNREACHABLE_CODE = YES;
				CLANG_WARN__DUPLICATE_METHOD_MATCH = YES;
				CODE_SIGN_IDENTITY = "iPhone Distribution";
				"CODE_SIGN_IDENTITY[sdk=iphoneos*]" = "iPhone Distribution";
				COPY_PHASE_STRIP = NO;
				DEBUG_INFORMATION_FORMAT = "dwarf-with-dsym";
				ENABLE_NS_ASSERTIONS = NO;
				ENABLE_STRICT_OBJC_MSGSEND = YES;
				GCC_C_LANGUAGE_STANDARD = gnu99;
				GCC_NO_COMMON_BLOCKS = YES;
				GCC_WARN_64_TO_32_BIT_CONVERSION = YES;
				GCC_WARN_ABOUT_RETURN_TYPE = YES_ERROR;
				GCC_WARN_UNDECLARED_SELECTOR = YES;
				GCC_WARN_UNINITIALIZED_AUTOS = YES_AGGRESSIVE;
				GCC_WARN_UNUSED_FUNCTION = YES;
				GCC_WARN_UNUSED_VARIABLE = YES;
				IPHONEOS_DEPLOYMENT_TARGET = 8.0;
				MTL_ENABLE_DEBUG_INFO = NO;
				PROVISIONING_PROFILE = "";
				SDKROOT = iphoneos;
				VALIDATE_PRODUCT = YES;
			};
			name = Release;
		};
		4084CFF61AFA611B000F8D47 /* Debug */ = {
			isa = XCBuildConfiguration;
			buildSettings = {
				ASSETCATALOG_COMPILER_APPICON_NAME = AppIcon;
				CODE_SIGN_IDENTITY = "iPhone Developer";
				"CODE_SIGN_IDENTITY[sdk=iphoneos*]" = "iPhone Developer";
				ENABLE_BITCODE = NO;
				FRAMEWORK_SEARCH_PATHS = (
					"$(inherited)",
					"$(PROJECT_DIR)/Sensei/Frameworks",
					"$(PROJECT_DIR)",
				);
				INFOPLIST_FILE = Sensei/Info.plist;
				IPHONEOS_DEPLOYMENT_TARGET = 8.0;
				LD_RUNPATH_SEARCH_PATHS = "$(inherited) @executable_path/Frameworks";
				"OTHER_SWIFT_FLAGS[arch=*]" = "-D DEBUG";
				PRODUCT_BUNDLE_IDENTIFIER = "com.thinkmobiles.$(PRODUCT_NAME:rfc1034identifier)";
				PRODUCT_NAME = "$(TARGET_NAME)";
				PROVISIONING_PROFILE = "";
			};
			name = Debug;
		};
		4084CFF71AFA611B000F8D47 /* Release */ = {
			isa = XCBuildConfiguration;
			buildSettings = {
				ASSETCATALOG_COMPILER_APPICON_NAME = AppIcon;
				CODE_SIGN_IDENTITY = "iPhone Distribution";
				"CODE_SIGN_IDENTITY[sdk=iphoneos*]" = "iPhone Distribution";
				ENABLE_BITCODE = NO;
				FRAMEWORK_SEARCH_PATHS = (
					"$(inherited)",
					"$(PROJECT_DIR)/Sensei/Frameworks",
					"$(PROJECT_DIR)",
				);
				INFOPLIST_FILE = Sensei/Info.plist;
				IPHONEOS_DEPLOYMENT_TARGET = 8.0;
				LD_RUNPATH_SEARCH_PATHS = "$(inherited) @executable_path/Frameworks";
				PRODUCT_BUNDLE_IDENTIFIER = "com.thinkmobiles.$(PRODUCT_NAME:rfc1034identifier)";
				PRODUCT_NAME = "$(TARGET_NAME)";
				PROVISIONING_PROFILE = "";
			};
			name = Release;
		};
/* End XCBuildConfiguration section */

/* Begin XCConfigurationList section */
		4084CFD11AFA611B000F8D47 /* Build configuration list for PBXProject "Sensei" */ = {
			isa = XCConfigurationList;
			buildConfigurations = (
				4084CFF31AFA611B000F8D47 /* Debug */,
				4084CFF41AFA611B000F8D47 /* Release */,
			);
			defaultConfigurationIsVisible = 0;
			defaultConfigurationName = Release;
		};
		4084CFF51AFA611B000F8D47 /* Build configuration list for PBXNativeTarget "Sensei" */ = {
			isa = XCConfigurationList;
			buildConfigurations = (
				4084CFF61AFA611B000F8D47 /* Debug */,
				4084CFF71AFA611B000F8D47 /* Release */,
			);
			defaultConfigurationIsVisible = 0;
			defaultConfigurationName = Release;
		};
/* End XCConfigurationList section */

/* Begin XCVersionGroup section */
		401FBF911B20A221001DC2D0 /* SenseiModel.xcdatamodeld */ = {
			isa = XCVersionGroup;
			children = (
				3D7000FC1C3FF55C009F88F8 /* SenseiModelV1.xcdatamodel */,
				401FBF921B20A221001DC2D0 /* SenseiModel.xcdatamodel */,
			);
			currentVersion = 3D7000FC1C3FF55C009F88F8 /* SenseiModelV1.xcdatamodel */;
			path = SenseiModel.xcdatamodeld;
			sourceTree = "<group>";
			versionGroupType = wrapper.xcdatamodel;
		};
/* End XCVersionGroup section */
	};
	rootObject = 4084CFCE1AFA611B000F8D47 /* Project object */;
}
