// !$*UTF8*$!
{
	archiveVersion = 1;
	classes = {
	};
	objectVersion = 46;
	objects = {

/* Begin PBXBuildFile section */
		4016F32E1B04B5EE00728202 /* SpeechBubbleView.swift in Sources */ = {isa = PBXBuildFile; fileRef = 4016F32D1B04B5EE00728202 /* SpeechBubbleView.swift */; };
		4016F3311B04ECD300728202 /* SpeechBubbleCollectionViewCell.swift in Sources */ = {isa = PBXBuildFile; fileRef = 4016F3301B04ECD300728202 /* SpeechBubbleCollectionViewCell.swift */; };
		4016F3331B04EDF200728202 /* SenseiViewController.swift in Sources */ = {isa = PBXBuildFile; fileRef = 4016F3321B04EDF200728202 /* SenseiViewController.swift */; };
		402C32B31B0392180045BAD7 /* SenseiTabController.swift in Sources */ = {isa = PBXBuildFile; fileRef = 402C32B11B0392180045BAD7 /* SenseiTabController.swift */; };
		402F144C1B09F98D000C4261 /* Lesson.swift in Sources */ = {isa = PBXBuildFile; fileRef = 402F144B1B09F98D000C4261 /* Lesson.swift */; };
		402F144E1B09F9D2000C4261 /* Affirmation.swift in Sources */ = {isa = PBXBuildFile; fileRef = 402F144D1B09F9D2000C4261 /* Affirmation.swift */; };
		402F14501B09FBF6000C4261 /* Question.swift in Sources */ = {isa = PBXBuildFile; fileRef = 402F144F1B09FBF6000C4261 /* Question.swift */; };
		402F14531B0A08AC000C4261 /* RestClient.framework in Frameworks */ = {isa = PBXBuildFile; fileRef = 402F14521B0A08AC000C4261 /* RestClient.framework */; };
		402F14571B0A0A24000C4261 /* TabSegue.swift in Sources */ = {isa = PBXBuildFile; fileRef = 402F14561B0A0A24000C4261 /* TabSegue.swift */; };
		402F14591B0A0A42000C4261 /* APIManager.swift in Sources */ = {isa = PBXBuildFile; fileRef = 402F14581B0A0A42000C4261 /* APIManager.swift */; };
		404F60F71B0C9D0600A16FCC /* Answer.swift in Sources */ = {isa = PBXBuildFile; fileRef = 404F60F61B0C9D0600A16FCC /* Answer.swift */; };
		404F60F91B0CCB7A00A16FCC /* SenseiNavigationController.swift in Sources */ = {isa = PBXBuildFile; fileRef = 404F60F81B0CCB7A00A16FCC /* SenseiNavigationController.swift */; };
		404F60FC1B0CCE6A00A16FCC /* NavigationCollectionViewCell.swift in Sources */ = {isa = PBXBuildFile; fileRef = 404F60FA1B0CCE6A00A16FCC /* NavigationCollectionViewCell.swift */; };
		404F60FD1B0CCE6A00A16FCC /* NavigationCollectionViewCell.xib in Resources */ = {isa = PBXBuildFile; fileRef = 404F60FB1B0CCE6A00A16FCC /* NavigationCollectionViewCell.xib */; };
		406428401B0E1CD2008E2023 /* PlaceholderedTextView.swift in Sources */ = {isa = PBXBuildFile; fileRef = 4064283F1B0E1CD2008E2023 /* PlaceholderedTextView.swift */; };
		4084CFDC1AFA611B000F8D47 /* AppDelegate.swift in Sources */ = {isa = PBXBuildFile; fileRef = 4084CFDB1AFA611B000F8D47 /* AppDelegate.swift */; };
		4084CFE11AFA611B000F8D47 /* Main.storyboard in Resources */ = {isa = PBXBuildFile; fileRef = 4084CFDF1AFA611B000F8D47 /* Main.storyboard */; };
		4084CFE31AFA611B000F8D47 /* Images.xcassets in Resources */ = {isa = PBXBuildFile; fileRef = 4084CFE21AFA611B000F8D47 /* Images.xcassets */; };
		4084CFE61AFA611B000F8D47 /* LaunchScreen.xib in Resources */ = {isa = PBXBuildFile; fileRef = 4084CFE41AFA611B000F8D47 /* LaunchScreen.xib */; };
		4084CFF21AFA611B000F8D47 /* SenseiTests.swift in Sources */ = {isa = PBXBuildFile; fileRef = 4084CFF11AFA611B000F8D47 /* SenseiTests.swift */; };
		408B320A1B0B7295001BB455 /* AnswerableView.swift in Sources */ = {isa = PBXBuildFile; fileRef = 408B32091B0B7295001BB455 /* AnswerableView.swift */; };
		408B320C1B0B7632001BB455 /* TextInputAccessoryView.swift in Sources */ = {isa = PBXBuildFile; fileRef = 408B320B1B0B7632001BB455 /* TextInputAccessoryView.swift */; };
		408B320E1B0B7645001BB455 /* TextInputAccessoryView.xib in Resources */ = {isa = PBXBuildFile; fileRef = 408B320D1B0B7645001BB455 /* TextInputAccessoryView.xib */; };
		40A139A21B0DB19A0010176D /* TutorialCollectionViewCell.swift in Sources */ = {isa = PBXBuildFile; fileRef = 40A139A01B0DB19A0010176D /* TutorialCollectionViewCell.swift */; };
		40A139A31B0DB19A0010176D /* TutorialCollectionViewCell.xib in Resources */ = {isa = PBXBuildFile; fileRef = 40A139A11B0DB19A0010176D /* TutorialCollectionViewCell.xib */; };
		40A139A51B0DB72C0010176D /* UserMessageViewController.swift in Sources */ = {isa = PBXBuildFile; fileRef = 40A139A41B0DB72C0010176D /* UserMessageViewController.swift */; };
		40A139A71B0DC5450010176D /* MessageSwitchCollectionViewCell.swift in Sources */ = {isa = PBXBuildFile; fileRef = 40A139A61B0DC5450010176D /* MessageSwitchCollectionViewCell.swift */; };
		40A139A91B0DC68D0010176D /* SlotCollectionViewCell.swift in Sources */ = {isa = PBXBuildFile; fileRef = 40A139A81B0DC68D0010176D /* SlotCollectionViewCell.swift */; };
		40A139AC1B0DFFED0010176D /* SwitchTableViewCell.swift in Sources */ = {isa = PBXBuildFile; fileRef = 40A139AB1B0DFFED0010176D /* SwitchTableViewCell.swift */; };
		40A139AE1B0E0C2D0010176D /* AffirmationCollectionViewCell.swift in Sources */ = {isa = PBXBuildFile; fileRef = 40A139AD1B0E0C2D0010176D /* AffirmationCollectionViewCell.swift */; };
		40A1BD7A1B063E9C004ECD23 /* SpeechBubbleCollectionViewCell.xib in Resources */ = {isa = PBXBuildFile; fileRef = 40A1BD791B063E9C004ECD23 /* SpeechBubbleCollectionViewCell.xib */; };
		40D1FD151B0F157B004AB814 /* VisualizationCollectionViewCell.swift in Sources */ = {isa = PBXBuildFile; fileRef = 40D1FD141B0F157B004AB814 /* VisualizationCollectionViewCell.swift */; };
		40D1FD171B0F57ED004AB814 /* EditVisualizationViewController.swift in Sources */ = {isa = PBXBuildFile; fileRef = 40D1FD161B0F57ED004AB814 /* EditVisualizationViewController.swift */; };
		40D1FD191B0F6756004AB814 /* EditVisualizationCollectionViewCell.swift in Sources */ = {isa = PBXBuildFile; fileRef = 40D1FD181B0F6756004AB814 /* EditVisualizationCollectionViewCell.swift */; };
		40EC078C1B0B7DCC009A2000 /* PickerInputAccessoryView.swift in Sources */ = {isa = PBXBuildFile; fileRef = 40EC078B1B0B7DCC009A2000 /* PickerInputAccessoryView.swift */; };
		40EC078E1B0B7DE4009A2000 /* PickerInputAccessoryView.xib in Resources */ = {isa = PBXBuildFile; fileRef = 40EC078D1B0B7DE4009A2000 /* PickerInputAccessoryView.xib */; };
		40EC07901B0B86D8009A2000 /* BaseViewController.swift in Sources */ = {isa = PBXBuildFile; fileRef = 40EC078F1B0B86D8009A2000 /* BaseViewController.swift */; };
/* End PBXBuildFile section */

/* Begin PBXContainerItemProxy section */
		4084CFEC1AFA611B000F8D47 /* PBXContainerItemProxy */ = {
			isa = PBXContainerItemProxy;
			containerPortal = 4084CFCE1AFA611B000F8D47 /* Project object */;
			proxyType = 1;
			remoteGlobalIDString = 4084CFD51AFA611B000F8D47;
			remoteInfo = Sensei;
		};
/* End PBXContainerItemProxy section */

/* Begin PBXFileReference section */
		4016F32D1B04B5EE00728202 /* SpeechBubbleView.swift */ = {isa = PBXFileReference; fileEncoding = 4; lastKnownFileType = sourcecode.swift; path = SpeechBubbleView.swift; sourceTree = "<group>"; };
		4016F3301B04ECD300728202 /* SpeechBubbleCollectionViewCell.swift */ = {isa = PBXFileReference; fileEncoding = 4; lastKnownFileType = sourcecode.swift; path = SpeechBubbleCollectionViewCell.swift; sourceTree = "<group>"; };
		4016F3321B04EDF200728202 /* SenseiViewController.swift */ = {isa = PBXFileReference; fileEncoding = 4; lastKnownFileType = sourcecode.swift; path = SenseiViewController.swift; sourceTree = "<group>"; };
		402C32B11B0392180045BAD7 /* SenseiTabController.swift */ = {isa = PBXFileReference; fileEncoding = 4; lastKnownFileType = sourcecode.swift; path = SenseiTabController.swift; sourceTree = "<group>"; };
		402F144B1B09F98D000C4261 /* Lesson.swift */ = {isa = PBXFileReference; fileEncoding = 4; lastKnownFileType = sourcecode.swift; path = Lesson.swift; sourceTree = "<group>"; };
		402F144D1B09F9D2000C4261 /* Affirmation.swift */ = {isa = PBXFileReference; fileEncoding = 4; lastKnownFileType = sourcecode.swift; path = Affirmation.swift; sourceTree = "<group>"; };
		402F144F1B09FBF6000C4261 /* Question.swift */ = {isa = PBXFileReference; fileEncoding = 4; lastKnownFileType = sourcecode.swift; path = Question.swift; sourceTree = "<group>"; };
		402F14521B0A08AC000C4261 /* RestClient.framework */ = {isa = PBXFileReference; lastKnownFileType = wrapper.framework; path = RestClient.framework; sourceTree = "<group>"; };
		402F14561B0A0A24000C4261 /* TabSegue.swift */ = {isa = PBXFileReference; fileEncoding = 4; lastKnownFileType = sourcecode.swift; path = TabSegue.swift; sourceTree = "<group>"; };
		402F14581B0A0A42000C4261 /* APIManager.swift */ = {isa = PBXFileReference; fileEncoding = 4; lastKnownFileType = sourcecode.swift; path = APIManager.swift; sourceTree = "<group>"; };
		404F60F61B0C9D0600A16FCC /* Answer.swift */ = {isa = PBXFileReference; fileEncoding = 4; lastKnownFileType = sourcecode.swift; path = Answer.swift; sourceTree = "<group>"; };
		404F60F81B0CCB7A00A16FCC /* SenseiNavigationController.swift */ = {isa = PBXFileReference; fileEncoding = 4; lastKnownFileType = sourcecode.swift; path = SenseiNavigationController.swift; sourceTree = "<group>"; };
		404F60FA1B0CCE6A00A16FCC /* NavigationCollectionViewCell.swift */ = {isa = PBXFileReference; fileEncoding = 4; lastKnownFileType = sourcecode.swift; path = NavigationCollectionViewCell.swift; sourceTree = "<group>"; };
		404F60FB1B0CCE6A00A16FCC /* NavigationCollectionViewCell.xib */ = {isa = PBXFileReference; fileEncoding = 4; lastKnownFileType = file.xib; path = NavigationCollectionViewCell.xib; sourceTree = "<group>"; };
		4064283F1B0E1CD2008E2023 /* PlaceholderedTextView.swift */ = {isa = PBXFileReference; fileEncoding = 4; lastKnownFileType = sourcecode.swift; path = PlaceholderedTextView.swift; sourceTree = "<group>"; };
		4084CFD61AFA611B000F8D47 /* Sensei.app */ = {isa = PBXFileReference; explicitFileType = wrapper.application; includeInIndex = 0; path = Sensei.app; sourceTree = BUILT_PRODUCTS_DIR; };
		4084CFDA1AFA611B000F8D47 /* Info.plist */ = {isa = PBXFileReference; lastKnownFileType = text.plist.xml; path = Info.plist; sourceTree = "<group>"; };
		4084CFDB1AFA611B000F8D47 /* AppDelegate.swift */ = {isa = PBXFileReference; lastKnownFileType = sourcecode.swift; path = AppDelegate.swift; sourceTree = "<group>"; };
		4084CFE01AFA611B000F8D47 /* Base */ = {isa = PBXFileReference; lastKnownFileType = file.storyboard; name = Base; path = Base.lproj/Main.storyboard; sourceTree = "<group>"; };
		4084CFE21AFA611B000F8D47 /* Images.xcassets */ = {isa = PBXFileReference; lastKnownFileType = folder.assetcatalog; path = Images.xcassets; sourceTree = "<group>"; };
		4084CFE51AFA611B000F8D47 /* Base */ = {isa = PBXFileReference; lastKnownFileType = file.xib; name = Base; path = Base.lproj/LaunchScreen.xib; sourceTree = "<group>"; };
		4084CFEB1AFA611B000F8D47 /* SenseiTests.xctest */ = {isa = PBXFileReference; explicitFileType = wrapper.cfbundle; includeInIndex = 0; path = SenseiTests.xctest; sourceTree = BUILT_PRODUCTS_DIR; };
		4084CFF01AFA611B000F8D47 /* Info.plist */ = {isa = PBXFileReference; lastKnownFileType = text.plist.xml; path = Info.plist; sourceTree = "<group>"; };
		4084CFF11AFA611B000F8D47 /* SenseiTests.swift */ = {isa = PBXFileReference; lastKnownFileType = sourcecode.swift; path = SenseiTests.swift; sourceTree = "<group>"; };
		408B32091B0B7295001BB455 /* AnswerableView.swift */ = {isa = PBXFileReference; fileEncoding = 4; lastKnownFileType = sourcecode.swift; path = AnswerableView.swift; sourceTree = "<group>"; };
		408B320B1B0B7632001BB455 /* TextInputAccessoryView.swift */ = {isa = PBXFileReference; fileEncoding = 4; lastKnownFileType = sourcecode.swift; path = TextInputAccessoryView.swift; sourceTree = "<group>"; };
		408B320D1B0B7645001BB455 /* TextInputAccessoryView.xib */ = {isa = PBXFileReference; fileEncoding = 4; lastKnownFileType = file.xib; path = TextInputAccessoryView.xib; sourceTree = "<group>"; };
		40A139A01B0DB19A0010176D /* TutorialCollectionViewCell.swift */ = {isa = PBXFileReference; fileEncoding = 4; lastKnownFileType = sourcecode.swift; path = TutorialCollectionViewCell.swift; sourceTree = "<group>"; };
		40A139A11B0DB19A0010176D /* TutorialCollectionViewCell.xib */ = {isa = PBXFileReference; fileEncoding = 4; lastKnownFileType = file.xib; path = TutorialCollectionViewCell.xib; sourceTree = "<group>"; };
		40A139A41B0DB72C0010176D /* UserMessageViewController.swift */ = {isa = PBXFileReference; fileEncoding = 4; lastKnownFileType = sourcecode.swift; path = UserMessageViewController.swift; sourceTree = "<group>"; };
		40A139A61B0DC5450010176D /* MessageSwitchCollectionViewCell.swift */ = {isa = PBXFileReference; fileEncoding = 4; lastKnownFileType = sourcecode.swift; path = MessageSwitchCollectionViewCell.swift; sourceTree = "<group>"; };
		40A139A81B0DC68D0010176D /* SlotCollectionViewCell.swift */ = {isa = PBXFileReference; fileEncoding = 4; lastKnownFileType = sourcecode.swift; path = SlotCollectionViewCell.swift; sourceTree = "<group>"; };
		40A139AB1B0DFFED0010176D /* SwitchTableViewCell.swift */ = {isa = PBXFileReference; fileEncoding = 4; lastKnownFileType = sourcecode.swift; path = SwitchTableViewCell.swift; sourceTree = "<group>"; };
		40A139AD1B0E0C2D0010176D /* AffirmationCollectionViewCell.swift */ = {isa = PBXFileReference; fileEncoding = 4; lastKnownFileType = sourcecode.swift; path = AffirmationCollectionViewCell.swift; sourceTree = "<group>"; };
		40A1BD791B063E9C004ECD23 /* SpeechBubbleCollectionViewCell.xib */ = {isa = PBXFileReference; fileEncoding = 4; lastKnownFileType = file.xib; path = SpeechBubbleCollectionViewCell.xib; sourceTree = "<group>"; };
		40D1FD141B0F157B004AB814 /* VisualizationCollectionViewCell.swift */ = {isa = PBXFileReference; fileEncoding = 4; lastKnownFileType = sourcecode.swift; path = VisualizationCollectionViewCell.swift; sourceTree = "<group>"; };
		40D1FD161B0F57ED004AB814 /* EditVisualizationViewController.swift */ = {isa = PBXFileReference; fileEncoding = 4; lastKnownFileType = sourcecode.swift; path = EditVisualizationViewController.swift; sourceTree = "<group>"; };
		40D1FD181B0F6756004AB814 /* EditVisualizationCollectionViewCell.swift */ = {isa = PBXFileReference; fileEncoding = 4; lastKnownFileType = sourcecode.swift; path = EditVisualizationCollectionViewCell.swift; sourceTree = "<group>"; };
		40EC078B1B0B7DCC009A2000 /* PickerInputAccessoryView.swift */ = {isa = PBXFileReference; fileEncoding = 4; lastKnownFileType = sourcecode.swift; path = PickerInputAccessoryView.swift; sourceTree = "<group>"; };
		40EC078D1B0B7DE4009A2000 /* PickerInputAccessoryView.xib */ = {isa = PBXFileReference; fileEncoding = 4; lastKnownFileType = file.xib; path = PickerInputAccessoryView.xib; sourceTree = "<group>"; };
		40EC078F1B0B86D8009A2000 /* BaseViewController.swift */ = {isa = PBXFileReference; fileEncoding = 4; lastKnownFileType = sourcecode.swift; path = BaseViewController.swift; sourceTree = "<group>"; };
/* End PBXFileReference section */

/* Begin PBXFrameworksBuildPhase section */
		4084CFD31AFA611B000F8D47 /* Frameworks */ = {
			isa = PBXFrameworksBuildPhase;
			buildActionMask = 2147483647;
			files = (
				402F14531B0A08AC000C4261 /* RestClient.framework in Frameworks */,
			);
			runOnlyForDeploymentPostprocessing = 0;
		};
		4084CFE81AFA611B000F8D47 /* Frameworks */ = {
			isa = PBXFrameworksBuildPhase;
			buildActionMask = 2147483647;
			files = (
			);
			runOnlyForDeploymentPostprocessing = 0;
		};
/* End PBXFrameworksBuildPhase section */

/* Begin PBXGroup section */
		4016F32F1B04EC7E00728202 /* CollectionViewCells */ = {
			isa = PBXGroup;
			children = (
				4016F3301B04ECD300728202 /* SpeechBubbleCollectionViewCell.swift */,
				40A1BD791B063E9C004ECD23 /* SpeechBubbleCollectionViewCell.xib */,
				404F60FA1B0CCE6A00A16FCC /* NavigationCollectionViewCell.swift */,
				404F60FB1B0CCE6A00A16FCC /* NavigationCollectionViewCell.xib */,
				40A139A01B0DB19A0010176D /* TutorialCollectionViewCell.swift */,
				40A139A11B0DB19A0010176D /* TutorialCollectionViewCell.xib */,
				40A139A61B0DC5450010176D /* MessageSwitchCollectionViewCell.swift */,
				40A139A81B0DC68D0010176D /* SlotCollectionViewCell.swift */,
				40A139AD1B0E0C2D0010176D /* AffirmationCollectionViewCell.swift */,
				40D1FD141B0F157B004AB814 /* VisualizationCollectionViewCell.swift */,
				40D1FD181B0F6756004AB814 /* EditVisualizationCollectionViewCell.swift */,
			);
			path = CollectionViewCells;
			sourceTree = "<group>";
		};
		402C32AE1B0392180045BAD7 /* Classes */ = {
			isa = PBXGroup;
			children = (
				402F14541B0A0A24000C4261 /* Managers */,
				402F14551B0A0A24000C4261 /* Segues */,
			);
			path = Classes;
			sourceTree = "<group>";
		};
		402C32AF1B0392180045BAD7 /* Models */ = {
			isa = PBXGroup;
			children = (
				402F144B1B09F98D000C4261 /* Lesson.swift */,
				402F144D1B09F9D2000C4261 /* Affirmation.swift */,
				402F144F1B09FBF6000C4261 /* Question.swift */,
				404F60F61B0C9D0600A16FCC /* Answer.swift */,
			);
			path = Models;
			sourceTree = "<group>";
		};
		402C32B01B0392180045BAD7 /* ViewControllers */ = {
			isa = PBXGroup;
			children = (
				402C32B11B0392180045BAD7 /* SenseiTabController.swift */,
				4016F3321B04EDF200728202 /* SenseiViewController.swift */,
				40EC078F1B0B86D8009A2000 /* BaseViewController.swift */,
				404F60F81B0CCB7A00A16FCC /* SenseiNavigationController.swift */,
				40A139A41B0DB72C0010176D /* UserMessageViewController.swift */,
				40D1FD161B0F57ED004AB814 /* EditVisualizationViewController.swift */,
			);
			path = ViewControllers;
			sourceTree = "<group>";
		};
		402C32B21B0392180045BAD7 /* Views */ = {
			isa = PBXGroup;
			children = (
				40A139AA1B0DFFD20010176D /* TableViewCells */,
				4016F32F1B04EC7E00728202 /* CollectionViewCells */,
				4016F32D1B04B5EE00728202 /* SpeechBubbleView.swift */,
				408B32091B0B7295001BB455 /* AnswerableView.swift */,
				408B320B1B0B7632001BB455 /* TextInputAccessoryView.swift */,
				408B320D1B0B7645001BB455 /* TextInputAccessoryView.xib */,
				40EC078B1B0B7DCC009A2000 /* PickerInputAccessoryView.swift */,
				40EC078D1B0B7DE4009A2000 /* PickerInputAccessoryView.xib */,
				4064283F1B0E1CD2008E2023 /* PlaceholderedTextView.swift */,
			);
			path = Views;
			sourceTree = "<group>";
		};
		402F14511B0A08AC000C4261 /* Frameworks */ = {
			isa = PBXGroup;
			children = (
				402F14521B0A08AC000C4261 /* RestClient.framework */,
			);
			path = Frameworks;
			sourceTree = "<group>";
		};
		402F14541B0A0A24000C4261 /* Managers */ = {
			isa = PBXGroup;
			children = (
				402F14581B0A0A42000C4261 /* APIManager.swift */,
			);
			path = Managers;
			sourceTree = "<group>";
		};
		402F14551B0A0A24000C4261 /* Segues */ = {
			isa = PBXGroup;
			children = (
				402F14561B0A0A24000C4261 /* TabSegue.swift */,
			);
			path = Segues;
			sourceTree = "<group>";
		};
		4084CFCD1AFA611B000F8D47 = {
			isa = PBXGroup;
			children = (
				4084CFD81AFA611B000F8D47 /* Sensei */,
				4084CFEE1AFA611B000F8D47 /* SenseiTests */,
				4084CFD71AFA611B000F8D47 /* Products */,
			);
			sourceTree = "<group>";
		};
		4084CFD71AFA611B000F8D47 /* Products */ = {
			isa = PBXGroup;
			children = (
				4084CFD61AFA611B000F8D47 /* Sensei.app */,
				4084CFEB1AFA611B000F8D47 /* SenseiTests.xctest */,
			);
			name = Products;
			sourceTree = "<group>";
		};
		4084CFD81AFA611B000F8D47 /* Sensei */ = {
			isa = PBXGroup;
			children = (
				402F14511B0A08AC000C4261 /* Frameworks */,
				402C32AE1B0392180045BAD7 /* Classes */,
				402C32AF1B0392180045BAD7 /* Models */,
				402C32B21B0392180045BAD7 /* Views */,
				402C32B01B0392180045BAD7 /* ViewControllers */,
				4084CFDB1AFA611B000F8D47 /* AppDelegate.swift */,
				4084CFDF1AFA611B000F8D47 /* Main.storyboard */,
				4084CFE21AFA611B000F8D47 /* Images.xcassets */,
				4084CFD91AFA611B000F8D47 /* Supporting Files */,
			);
			path = Sensei;
			sourceTree = "<group>";
		};
		4084CFD91AFA611B000F8D47 /* Supporting Files */ = {
			isa = PBXGroup;
			children = (
				4084CFE41AFA611B000F8D47 /* LaunchScreen.xib */,
				4084CFDA1AFA611B000F8D47 /* Info.plist */,
			);
			name = "Supporting Files";
			sourceTree = "<group>";
		};
		4084CFEE1AFA611B000F8D47 /* SenseiTests */ = {
			isa = PBXGroup;
			children = (
				4084CFF11AFA611B000F8D47 /* SenseiTests.swift */,
				4084CFEF1AFA611B000F8D47 /* Supporting Files */,
			);
			path = SenseiTests;
			sourceTree = "<group>";
		};
		4084CFEF1AFA611B000F8D47 /* Supporting Files */ = {
			isa = PBXGroup;
			children = (
				4084CFF01AFA611B000F8D47 /* Info.plist */,
			);
			name = "Supporting Files";
			sourceTree = "<group>";
		};
		40A139AA1B0DFFD20010176D /* TableViewCells */ = {
			isa = PBXGroup;
			children = (
				40A139AB1B0DFFED0010176D /* SwitchTableViewCell.swift */,
			);
			path = TableViewCells;
			sourceTree = "<group>";
		};
/* End PBXGroup section */

/* Begin PBXNativeTarget section */
		4084CFD51AFA611B000F8D47 /* Sensei */ = {
			isa = PBXNativeTarget;
			buildConfigurationList = 4084CFF51AFA611B000F8D47 /* Build configuration list for PBXNativeTarget "Sensei" */;
			buildPhases = (
				4084CFD21AFA611B000F8D47 /* Sources */,
				4084CFD31AFA611B000F8D47 /* Frameworks */,
				4084CFD41AFA611B000F8D47 /* Resources */,
			);
			buildRules = (
			);
			dependencies = (
			);
			name = Sensei;
			productName = Sensei;
			productReference = 4084CFD61AFA611B000F8D47 /* Sensei.app */;
			productType = "com.apple.product-type.application";
		};
		4084CFEA1AFA611B000F8D47 /* SenseiTests */ = {
			isa = PBXNativeTarget;
			buildConfigurationList = 4084CFF81AFA611B000F8D47 /* Build configuration list for PBXNativeTarget "SenseiTests" */;
			buildPhases = (
				4084CFE71AFA611B000F8D47 /* Sources */,
				4084CFE81AFA611B000F8D47 /* Frameworks */,
				4084CFE91AFA611B000F8D47 /* Resources */,
			);
			buildRules = (
			);
			dependencies = (
				4084CFED1AFA611B000F8D47 /* PBXTargetDependency */,
			);
			name = SenseiTests;
			productName = SenseiTests;
			productReference = 4084CFEB1AFA611B000F8D47 /* SenseiTests.xctest */;
			productType = "com.apple.product-type.bundle.unit-test";
		};
/* End PBXNativeTarget section */

/* Begin PBXProject section */
		4084CFCE1AFA611B000F8D47 /* Project object */ = {
			isa = PBXProject;
			attributes = {
				LastUpgradeCheck = 0630;
				ORGANIZATIONNAME = ThinkMobiles;
				TargetAttributes = {
					4084CFD51AFA611B000F8D47 = {
						CreatedOnToolsVersion = 6.3.1;
					};
					4084CFEA1AFA611B000F8D47 = {
						CreatedOnToolsVersion = 6.3.1;
						TestTargetID = 4084CFD51AFA611B000F8D47;
					};
				};
			};
			buildConfigurationList = 4084CFD11AFA611B000F8D47 /* Build configuration list for PBXProject "Sensei" */;
			compatibilityVersion = "Xcode 3.2";
			developmentRegion = English;
			hasScannedForEncodings = 0;
			knownRegions = (
				en,
				Base,
			);
			mainGroup = 4084CFCD1AFA611B000F8D47;
			productRefGroup = 4084CFD71AFA611B000F8D47 /* Products */;
			projectDirPath = "";
			projectRoot = "";
			targets = (
				4084CFD51AFA611B000F8D47 /* Sensei */,
				4084CFEA1AFA611B000F8D47 /* SenseiTests */,
			);
		};
/* End PBXProject section */

/* Begin PBXResourcesBuildPhase section */
		4084CFD41AFA611B000F8D47 /* Resources */ = {
			isa = PBXResourcesBuildPhase;
			buildActionMask = 2147483647;
			files = (
				404F60FD1B0CCE6A00A16FCC /* NavigationCollectionViewCell.xib in Resources */,
				4084CFE11AFA611B000F8D47 /* Main.storyboard in Resources */,
				40A139A31B0DB19A0010176D /* TutorialCollectionViewCell.xib in Resources */,
				4084CFE61AFA611B000F8D47 /* LaunchScreen.xib in Resources */,
				40A1BD7A1B063E9C004ECD23 /* SpeechBubbleCollectionViewCell.xib in Resources */,
				408B320E1B0B7645001BB455 /* TextInputAccessoryView.xib in Resources */,
				40EC078E1B0B7DE4009A2000 /* PickerInputAccessoryView.xib in Resources */,
				4084CFE31AFA611B000F8D47 /* Images.xcassets in Resources */,
			);
			runOnlyForDeploymentPostprocessing = 0;
		};
		4084CFE91AFA611B000F8D47 /* Resources */ = {
			isa = PBXResourcesBuildPhase;
			buildActionMask = 2147483647;
			files = (
			);
			runOnlyForDeploymentPostprocessing = 0;
		};
/* End PBXResourcesBuildPhase section */

/* Begin PBXSourcesBuildPhase section */
		4084CFD21AFA611B000F8D47 /* Sources */ = {
			isa = PBXSourcesBuildPhase;
			buildActionMask = 2147483647;
			files = (
				4016F32E1B04B5EE00728202 /* SpeechBubbleView.swift in Sources */,
				40D1FD171B0F57ED004AB814 /* EditVisualizationViewController.swift in Sources */,
				404F60FC1B0CCE6A00A16FCC /* NavigationCollectionViewCell.swift in Sources */,
				406428401B0E1CD2008E2023 /* PlaceholderedTextView.swift in Sources */,
				40A139A71B0DC5450010176D /* MessageSwitchCollectionViewCell.swift in Sources */,
				402C32B31B0392180045BAD7 /* SenseiTabController.swift in Sources */,
				402F14591B0A0A42000C4261 /* APIManager.swift in Sources */,
				402F14571B0A0A24000C4261 /* TabSegue.swift in Sources */,
				40EC078C1B0B7DCC009A2000 /* PickerInputAccessoryView.swift in Sources */,
				40A139A21B0DB19A0010176D /* TutorialCollectionViewCell.swift in Sources */,
				40EC07901B0B86D8009A2000 /* BaseViewController.swift in Sources */,
				408B320A1B0B7295001BB455 /* AnswerableView.swift in Sources */,
				4016F3311B04ECD300728202 /* SpeechBubbleCollectionViewCell.swift in Sources */,
				40D1FD151B0F157B004AB814 /* VisualizationCollectionViewCell.swift in Sources */,
				402F14501B09FBF6000C4261 /* Question.swift in Sources */,
				40A139A91B0DC68D0010176D /* SlotCollectionViewCell.swift in Sources */,
				40A139AC1B0DFFED0010176D /* SwitchTableViewCell.swift in Sources */,
				408B320C1B0B7632001BB455 /* TextInputAccessoryView.swift in Sources */,
				40D1FD191B0F6756004AB814 /* EditVisualizationCollectionViewCell.swift in Sources */,
				4016F3331B04EDF200728202 /* SenseiViewController.swift in Sources */,
				402F144E1B09F9D2000C4261 /* Affirmation.swift in Sources */,
				404F60F91B0CCB7A00A16FCC /* SenseiNavigationController.swift in Sources */,
				404F60F71B0C9D0600A16FCC /* Answer.swift in Sources */,
				4084CFDC1AFA611B000F8D47 /* AppDelegate.swift in Sources */,
				40A139AE1B0E0C2D0010176D /* AffirmationCollectionViewCell.swift in Sources */,
				402F144C1B09F98D000C4261 /* Lesson.swift in Sources */,
				40A139A51B0DB72C0010176D /* UserMessageViewController.swift in Sources */,
			);
			runOnlyForDeploymentPostprocessing = 0;
		};
		4084CFE71AFA611B000F8D47 /* Sources */ = {
			isa = PBXSourcesBuildPhase;
			buildActionMask = 2147483647;
			files = (
				4084CFF21AFA611B000F8D47 /* SenseiTests.swift in Sources */,
			);
			runOnlyForDeploymentPostprocessing = 0;
		};
/* End PBXSourcesBuildPhase section */

/* Begin PBXTargetDependency section */
		4084CFED1AFA611B000F8D47 /* PBXTargetDependency */ = {
			isa = PBXTargetDependency;
			target = 4084CFD51AFA611B000F8D47 /* Sensei */;
			targetProxy = 4084CFEC1AFA611B000F8D47 /* PBXContainerItemProxy */;
		};
/* End PBXTargetDependency section */

/* Begin PBXVariantGroup section */
		4084CFDF1AFA611B000F8D47 /* Main.storyboard */ = {
			isa = PBXVariantGroup;
			children = (
				4084CFE01AFA611B000F8D47 /* Base */,
			);
			name = Main.storyboard;
			sourceTree = "<group>";
		};
		4084CFE41AFA611B000F8D47 /* LaunchScreen.xib */ = {
			isa = PBXVariantGroup;
			children = (
				4084CFE51AFA611B000F8D47 /* Base */,
			);
			name = LaunchScreen.xib;
			sourceTree = "<group>";
		};
/* End PBXVariantGroup section */

/* Begin XCBuildConfiguration section */
		4084CFF31AFA611B000F8D47 /* Debug */ = {
			isa = XCBuildConfiguration;
			buildSettings = {
				ALWAYS_SEARCH_USER_PATHS = NO;
				CLANG_CXX_LANGUAGE_STANDARD = "gnu++0x";
				CLANG_CXX_LIBRARY = "libc++";
				CLANG_ENABLE_MODULES = YES;
				CLANG_ENABLE_OBJC_ARC = YES;
				CLANG_WARN_BOOL_CONVERSION = YES;
				CLANG_WARN_CONSTANT_CONVERSION = YES;
				CLANG_WARN_DIRECT_OBJC_ISA_USAGE = YES_ERROR;
				CLANG_WARN_EMPTY_BODY = YES;
				CLANG_WARN_ENUM_CONVERSION = YES;
				CLANG_WARN_INT_CONVERSION = YES;
				CLANG_WARN_OBJC_ROOT_CLASS = YES_ERROR;
				CLANG_WARN_UNREACHABLE_CODE = YES;
				CLANG_WARN__DUPLICATE_METHOD_MATCH = YES;
				"CODE_SIGN_IDENTITY[sdk=iphoneos*]" = "iPhone Developer";
				COPY_PHASE_STRIP = NO;
				DEBUG_INFORMATION_FORMAT = "dwarf-with-dsym";
				ENABLE_STRICT_OBJC_MSGSEND = YES;
				GCC_C_LANGUAGE_STANDARD = gnu99;
				GCC_DYNAMIC_NO_PIC = NO;
				GCC_NO_COMMON_BLOCKS = YES;
				GCC_OPTIMIZATION_LEVEL = 0;
				GCC_PREPROCESSOR_DEFINITIONS = (
					"DEBUG=1",
					"$(inherited)",
				);
				GCC_SYMBOLS_PRIVATE_EXTERN = NO;
				GCC_WARN_64_TO_32_BIT_CONVERSION = YES;
				GCC_WARN_ABOUT_RETURN_TYPE = YES_ERROR;
				GCC_WARN_UNDECLARED_SELECTOR = YES;
				GCC_WARN_UNINITIALIZED_AUTOS = YES_AGGRESSIVE;
				GCC_WARN_UNUSED_FUNCTION = YES;
				GCC_WARN_UNUSED_VARIABLE = YES;
				IPHONEOS_DEPLOYMENT_TARGET = 8.0;
				MTL_ENABLE_DEBUG_INFO = YES;
				ONLY_ACTIVE_ARCH = YES;
				SDKROOT = iphoneos;
				SWIFT_OPTIMIZATION_LEVEL = "-Onone";
			};
			name = Debug;
		};
		4084CFF41AFA611B000F8D47 /* Release */ = {
			isa = XCBuildConfiguration;
			buildSettings = {
				ALWAYS_SEARCH_USER_PATHS = NO;
				CLANG_CXX_LANGUAGE_STANDARD = "gnu++0x";
				CLANG_CXX_LIBRARY = "libc++";
				CLANG_ENABLE_MODULES = YES;
				CLANG_ENABLE_OBJC_ARC = YES;
				CLANG_WARN_BOOL_CONVERSION = YES;
				CLANG_WARN_CONSTANT_CONVERSION = YES;
				CLANG_WARN_DIRECT_OBJC_ISA_USAGE = YES_ERROR;
				CLANG_WARN_EMPTY_BODY = YES;
				CLANG_WARN_ENUM_CONVERSION = YES;
				CLANG_WARN_INT_CONVERSION = YES;
				CLANG_WARN_OBJC_ROOT_CLASS = YES_ERROR;
				CLANG_WARN_UNREACHABLE_CODE = YES;
				CLANG_WARN__DUPLICATE_METHOD_MATCH = YES;
				"CODE_SIGN_IDENTITY[sdk=iphoneos*]" = "iPhone Developer";
				COPY_PHASE_STRIP = NO;
				DEBUG_INFORMATION_FORMAT = "dwarf-with-dsym";
				ENABLE_NS_ASSERTIONS = NO;
				ENABLE_STRICT_OBJC_MSGSEND = YES;
				GCC_C_LANGUAGE_STANDARD = gnu99;
				GCC_NO_COMMON_BLOCKS = YES;
				GCC_WARN_64_TO_32_BIT_CONVERSION = YES;
				GCC_WARN_ABOUT_RETURN_TYPE = YES_ERROR;
				GCC_WARN_UNDECLARED_SELECTOR = YES;
				GCC_WARN_UNINITIALIZED_AUTOS = YES_AGGRESSIVE;
				GCC_WARN_UNUSED_FUNCTION = YES;
				GCC_WARN_UNUSED_VARIABLE = YES;
				IPHONEOS_DEPLOYMENT_TARGET = 8.0;
				MTL_ENABLE_DEBUG_INFO = NO;
				SDKROOT = iphoneos;
				VALIDATE_PRODUCT = YES;
			};
			name = Release;
		};
		4084CFF61AFA611B000F8D47 /* Debug */ = {
			isa = XCBuildConfiguration;
			buildSettings = {
				ASSETCATALOG_COMPILER_APPICON_NAME = AppIcon;
				FRAMEWORK_SEARCH_PATHS = (
					"$(inherited)",
					"$(PROJECT_DIR)/Sensei/Frameworks",
				);
				INFOPLIST_FILE = Sensei/Info.plist;
				IPHONEOS_DEPLOYMENT_TARGET = 8.0;
				LD_RUNPATH_SEARCH_PATHS = "$(inherited) @executable_path/Frameworks";
				PRODUCT_NAME = "$(TARGET_NAME)";
				PROVISIONING_PROFILE = "b8743c7c-f63a-4cb9-9651-78b881200746";
			};
			name = Debug;
		};
		4084CFF71AFA611B000F8D47 /* Release */ = {
			isa = XCBuildConfiguration;
			buildSettings = {
				ASSETCATALOG_COMPILER_APPICON_NAME = AppIcon;
				FRAMEWORK_SEARCH_PATHS = (
					"$(inherited)",
					"$(PROJECT_DIR)/Sensei/Frameworks",
				);
				INFOPLIST_FILE = Sensei/Info.plist;
				IPHONEOS_DEPLOYMENT_TARGET = 8.0;
				LD_RUNPATH_SEARCH_PATHS = "$(inherited) @executable_path/Frameworks";
				PRODUCT_NAME = "$(TARGET_NAME)";
				PROVISIONING_PROFILE = "b8743c7c-f63a-4cb9-9651-78b881200746";
			};
			name = Release;
		};
		4084CFF91AFA611B000F8D47 /* Debug */ = {
			isa = XCBuildConfiguration;
			buildSettings = {
				BUNDLE_LOADER = "$(TEST_HOST)";
				FRAMEWORK_SEARCH_PATHS = (
					"$(SDKROOT)/Developer/Library/Frameworks",
					"$(inherited)",
				);
				GCC_PREPROCESSOR_DEFINITIONS = (
					"DEBUG=1",
					"$(inherited)",
				);
				INFOPLIST_FILE = SenseiTests/Info.plist;
				LD_RUNPATH_SEARCH_PATHS = "$(inherited) @executable_path/Frameworks @loader_path/Frameworks";
				PRODUCT_NAME = "$(TARGET_NAME)";
				TEST_HOST = "$(BUILT_PRODUCTS_DIR)/Sensei.app/Sensei";
			};
			name = Debug;
		};
		4084CFFA1AFA611B000F8D47 /* Release */ = {
			isa = XCBuildConfiguration;
			buildSettings = {
				BUNDLE_LOADER = "$(TEST_HOST)";
				FRAMEWORK_SEARCH_PATHS = (
					"$(SDKROOT)/Developer/Library/Frameworks",
					"$(inherited)",
				);
				INFOPLIST_FILE = SenseiTests/Info.plist;
				LD_RUNPATH_SEARCH_PATHS = "$(inherited) @executable_path/Frameworks @loader_path/Frameworks";
				PRODUCT_NAME = "$(TARGET_NAME)";
				TEST_HOST = "$(BUILT_PRODUCTS_DIR)/Sensei.app/Sensei";
			};
			name = Release;
		};
/* End XCBuildConfiguration section */

/* Begin XCConfigurationList section */
		4084CFD11AFA611B000F8D47 /* Build configuration list for PBXProject "Sensei" */ = {
			isa = XCConfigurationList;
			buildConfigurations = (
				4084CFF31AFA611B000F8D47 /* Debug */,
				4084CFF41AFA611B000F8D47 /* Release */,
			);
			defaultConfigurationIsVisible = 0;
			defaultConfigurationName = Release;
		};
		4084CFF51AFA611B000F8D47 /* Build configuration list for PBXNativeTarget "Sensei" */ = {
			isa = XCConfigurationList;
			buildConfigurations = (
				4084CFF61AFA611B000F8D47 /* Debug */,
				4084CFF71AFA611B000F8D47 /* Release */,
			);
			defaultConfigurationIsVisible = 0;
			defaultConfigurationName = Release;
		};
		4084CFF81AFA611B000F8D47 /* Build configuration list for PBXNativeTarget "SenseiTests" */ = {
			isa = XCConfigurationList;
			buildConfigurations = (
				4084CFF91AFA611B000F8D47 /* Debug */,
				4084CFFA1AFA611B000F8D47 /* Release */,
			);
			defaultConfigurationIsVisible = 0;
			defaultConfigurationName = Release;
		};
/* End XCConfigurationList section */
	};
	rootObject = 4084CFCE1AFA611B000F8D47 /* Project object */;
}
